{
  "version": 4,
  "terraform_version": "1.15.5",
  "serial": 175,
  "lineage": "e85ff9da-5c76-aba2-49ff-a6c9acfc4d3e",
  "outputs": {
    "analytics_ec2_public_ip": {
      "value": "3.127.52.193",
      "type": "string"
    },
    "bronze_hackernews_prefix": {
      "value": "s3://social-medias-dev-datalake-263112802384/bronze/hackernews/",
      "type": "string"
    },
    "bronze_x_prefix": {
      "value": "s3://social-medias-dev-datalake-263112802384/bronze/x/",
      "type": "string"
    },
    "data_lake_bucket_arn": {
      "value": "arn:aws:s3:::social-medias-dev-datalake-263112802384",
      "type": "string"
    },
    "data_lake_bucket_name": {
      "value": "social-medias-dev-datalake-263112802384",
      "type": "string"
    },
    "discord_notify_lambda_name": {
      "value": "social-medias-dev-discord-notify",
      "type": "string"
    },
    "gold_prefix": {
      "value": "s3://social-medias-dev-datalake-263112802384/gold/",
      "type": "string"
    },
    "gold_to_postgres_lambda_name": {
      "value": "social-medias-dev-gold-to-postgres",
      "type": "string"
    },
    "gold_transform_lambda_arn": {
      "value": "arn:aws:lambda:eu-central-1:263112802384:function:social-medias-dev-gold-transform",
      "type": "string"
    },
    "gold_transform_lambda_name": {
      "value": "social-medias-dev-gold-transform",
      "type": "string"
    },
    "hn_bronze_lambda_arn": {
      "value": "arn:aws:lambda:eu-central-1:263112802384:function:social-medias-dev-hn-bronze-ingest",
      "type": "string"
    },
    "hn_bronze_lambda_name": {
      "value": "social-medias-dev-hn-bronze-ingest",
      "type": "string"
    },
    "pipeline_alerts_topic_arn": {
      "value": "arn:aws:sns:eu-central-1:263112802384:social-medias-dev-pipeline-alerts",
      "type": "string"
    },
    "postgres_host": {
      "value": "10.0.0.137",
      "type": "string"
    },
    "postgres_password": {
      "value": "JRdXj09ecc8Tct6bs8Uk6rma",
      "type": "string",
      "sensitive": true
    },
    "silver_normalize_lambda_arn": {
      "value": "arn:aws:lambda:eu-central-1:263112802384:function:social-medias-dev-silver-normalize",
      "type": "string"
    },
    "silver_normalize_lambda_name": {
      "value": "social-medias-dev-silver-normalize",
      "type": "string"
    },
    "silver_prefix": {
      "value": "s3://social-medias-dev-datalake-263112802384/silver/",
      "type": "string"
    },
    "superset_admin_password": {
      "value": "MedallionAdmin123!",
      "type": "string",
      "sensitive": true
    },
    "superset_admin_user": {
      "value": "admin",
      "type": "string"
    },
    "superset_url": {
      "value": "http://3.127.52.193:8088",
      "type": "string"
    },
    "vpc_id": {
      "value": "vpc-006d5fb675f4de0ce",
      "type": "string"
    }
  },
  "resources": [
    {
      "mode": "data",
      "type": "archive_file",
      "name": "discord_notify_lambda",
      "provider": "provider[\"registry.terraform.io/hashicorp/archive\"]",
      "instances": [
        {
          "index_key": 0,
          "schema_version": 0,
          "attributes": {
            "exclude_symlink_directories": null,
            "excludes": null,
            "id": "3001b5558ae527bf6aebeb4972a4bc1c66f3d87d",
            "output_base64sha256": "I6T946/+7Lb/ljhK0iQWZtDs21YUq/XcZKG0hR3vqvU=",
            "output_base64sha512": "IN1XkeQAw52BQeM3Q+F5/jNNLOhfcRxWlqrFBZhTYg+OSi6ffftPlDTcJ/tYxtO/KMeHoVtGJyY3kgdZXTRNhQ==",
            "output_file_mode": null,
            "output_md5": "4a9d20d5797b8c571ccf726058345ace",
            "output_path": "./../../dist/discord_notify.zip",
            "output_sha": "3001b5558ae527bf6aebeb4972a4bc1c66f3d87d",
            "output_sha256": "23a4fde3affeecb6ff96384ad2241666d0ecdb5614abf5dc64a1b4851defaaf5",
            "output_sha512": "20dd5791e400c39d8141e33743e179fe334d2ce85f711c5696aac5059853620f8e4a2e9f7dfb4f9434dc27fb58c6d3bf28c787a15b462726379207595d344d85",
            "output_size": 1322,
            "source": [],
            "source_content": null,
            "source_content_filename": null,
            "source_dir": "./../../lambdas/discord_notify",
            "source_file": null,
            "type": "zip"
          },
          "sensitive_attributes": [],
          "identity_schema_version": 0
        }
      ]
    },
    {
      "mode": "data",
      "type": "archive_file",
      "name": "gold_to_postgres_lambda",
      "provider": "provider[\"registry.terraform.io/hashicorp/archive\"]",
      "instances": [
        {
          "schema_version": 0,
          "attributes": {
            "exclude_symlink_directories": null,
            "excludes": null,
            "id": "0e375fd58b101aa96c9cdaa7df0914d7eb5b6974",
            "output_base64sha256": "camP46hFCghu/uRm78G8xAKsiJx0Ab5gRa/wlPILydU=",
            "output_base64sha512": "tFeIni5cPMnkQdUxsFATyZ4uhka7mcFotSpJ7kngMxRezCYNSvIrO+1DXJbjXzDfvRQKIiG9/wbuoCFBdLAREw==",
            "output_file_mode": null,
            "output_md5": "d2b23c230f838970d26ad2048b8d7ac2",
            "output_path": "./../../dist/gold_to_postgres.zip",
            "output_sha": "0e375fd58b101aa96c9cdaa7df0914d7eb5b6974",
            "output_sha256": "71a98fe3a8450a086efee466efc1bcc402ac889c7401be6045aff094f20bc9d5",
            "output_sha512": "b457889e2e5c3cc9e441d531b05013c99e2e8646bb99c168b52a49ee49e033145ecc260d4af22b3bed435c96e35f30dfbd140a2221bdff06eea0214174b01113",
            "output_size": 2502,
            "source": [],
            "source_content": null,
            "source_content_filename": null,
            "source_dir": "./../../lambdas/gold_to_postgres",
            "source_file": null,
            "type": "zip"
          },
          "sensitive_attributes": [],
          "identity_schema_version": 0
        }
      ]
    },
    {
      "mode": "data",
      "type": "archive_file",
      "name": "gold_transform_lambda",
      "provider": "provider[\"registry.terraform.io/hashicorp/archive\"]",
      "instances": [
        {
          "schema_version": 0,
          "attributes": {
            "exclude_symlink_directories": null,
            "excludes": null,
            "id": "066e21975605a7b57ddbe77863ebb5f98c886af7",
            "output_base64sha256": "nJmS1ZJtV+W48o0SR93mcjyn/P3GPbOVkekQGd0xrpQ=",
            "output_base64sha512": "T/5FYkK1x5D7kif1DPVyYkDeSa8oxAR9MdtvRiiTJCC7ZnVIVyyNJP8pQTdjy5Lh6lbmKT9Z+58JXT59JY7kbQ==",
            "output_file_mode": null,
            "output_md5": "0f133042d4831dc177f8646c24d78f21",
            "output_path": "./../../dist/gold_transform.zip",
            "output_sha": "066e21975605a7b57ddbe77863ebb5f98c886af7",
            "output_sha256": "9c9992d5926d57e5b8f28d1247dde6723ca7fcfdc63db39591e91019dd31ae94",
            "output_sha512": "4ffe456242b5c790fb9227f50cf5726240de49af28c4047d31db6f4628932420bb667548572c8d24ff29413763cb92e1ea56e6293f59fb9f095d3e7d258ee46d",
            "output_size": 6227,
            "source": [],
            "source_content": null,
            "source_content_filename": null,
            "source_dir": "./../../lambdas/gold_transform",
            "source_file": null,
            "type": "zip"
          },
          "sensitive_attributes": [],
          "identity_schema_version": 0
        }
      ]
    },
    {
      "mode": "data",
      "type": "archive_file",
      "name": "hn_bronze_lambda",
      "provider": "provider[\"registry.terraform.io/hashicorp/archive\"]",
      "instances": [
        {
          "schema_version": 0,
          "attributes": {
            "exclude_symlink_directories": null,
            "excludes": null,
            "id": "a3a579ea7bcb9d8108d141c08ed59a6ab05e3062",
            "output_base64sha256": "NBl+e39tAJpXb0/B7XynQmy75ZIvnMlHlLsp0K4Dulg=",
            "output_base64sha512": "ff5EzwVXPxQoHwQWoIUb8rI//Tg/slDv+dutlqHG8G00IP0ui3vKABygaROTqI/pzWnRPmYDDD0sXYtamte3hA==",
            "output_file_mode": null,
            "output_md5": "6a67cf36b00e5d0075b7fc0ae1cd987d",
            "output_path": "./../../dist/hn_bronze_ingest.zip",
            "output_sha": "a3a579ea7bcb9d8108d141c08ed59a6ab05e3062",
            "output_sha256": "34197e7b7f6d009a576f4fc1ed7ca7426cbbe5922f9cc94794bb29d0ae03ba58",
            "output_sha512": "7dfe44cf05573f14281f0416a0851bf2b23ffd383fb250eff9dbad96a1c6f06d3420fd2e8b7bca001ca0691393a88fe9cd69d13e66030c3d2c5d8b5a9ad7b784",
            "output_size": 2293,
            "source": [],
            "source_content": null,
            "source_content_filename": null,
            "source_dir": "./../../lambdas/hn_bronze_ingest",
            "source_file": null,
            "type": "zip"
          },
          "sensitive_attributes": [],
          "identity_schema_version": 0
        }
      ]
    },
    {
      "mode": "data",
      "type": "archive_file",
      "name": "silver_normalize_lambda",
      "provider": "provider[\"registry.terraform.io/hashicorp/archive\"]",
      "instances": [
        {
          "schema_version": 0,
          "attributes": {
            "exclude_symlink_directories": null,
            "excludes": null,
            "id": "2e9436119c0b56de8623f54210c2b85bb0d57953",
            "output_base64sha256": "svaSu2Xim15e/k7q+Lv91Fx50ubtTMiJJdBK6QlJs2M=",
            "output_base64sha512": "gXEBwQggc58l4G5UBxclyjhYe8RNRSE/451VBC5ta5W2b6AUa0P79D5F6dopAJr+7iPlMDmKCeonenv3iiCrKg==",
            "output_file_mode": null,
            "output_md5": "e464d51fa97e6b85718475ec1717cb00",
            "output_path": "./../../dist/silver_normalize.zip",
            "output_sha": "2e9436119c0b56de8623f54210c2b85bb0d57953",
            "output_sha256": "b2f692bb65e29b5e5efe4eeaf8bbfdd45c79d2e6ed4cc88925d04ae90949b363",
            "output_sha512": "817101c10820739f25e06e54071725ca38587bc44d45213fe39d55042e6d6b95b66fa0146b43fbf43e45e9da29009afeee23e530398a09ea277a7bf78a20ab2a",
            "output_size": 7210,
            "source": [],
            "source_content": null,
            "source_content_filename": null,
            "source_dir": "./../../lambdas/silver_normalize",
            "source_file": null,
            "type": "zip"
          },
          "sensitive_attributes": [],
          "identity_schema_version": 0
        }
      ]
    },
    {
      "mode": "data",
      "type": "aws_ami",
      "name": "amazon_linux_2023",
      "provider": "provider[\"registry.terraform.io/hashicorp/aws\"]",
      "instances": [
        {
          "schema_version": 0,
          "attributes": {
            "architecture": "x86_64",
            "arn": "arn:aws:ec2:eu-central-1::image/ami-0364fd67e10f97ca6",
            "block_device_mappings": [
              {
                "device_name": "/dev/xvda",
                "ebs": {
                  "delete_on_termination": "true",
                  "encrypted": "false",
                  "iops": "3000",
                  "snapshot_id": "snap-0b76bf53fb4a5c7d3",
                  "throughput": "125",
                  "volume_initialization_rate": "0",
                  "volume_size": "30",
                  "volume_type": "gp3"
                },
                "no_device": "",
                "virtual_name": ""
              }
            ],
            "boot_mode": "uefi-preferred",
            "creation_date": "2026-06-29T22:34:40.000Z",
            "deprecation_time": "2028-06-29T22:34:40.000Z",
            "description": "Amazon Linux AMI 2023.0.20260629 x86_64 ECS HVM EBS",
            "ena_support": true,
            "executable_users": null,
            "filter": [
              {
                "name": "name",
                "values": [
                  "al2023-ami-*-x86_64"
                ]
              },
              {
                "name": "virtualization-type",
                "values": [
                  "hvm"
                ]
              }
            ],
            "hypervisor": "xen",
            "id": "ami-0364fd67e10f97ca6",
            "image_id": "ami-0364fd67e10f97ca6",
            "image_location": "amazon/al2023-ami-ecs-hvm-2023.0.20260629-kernel-6.1-x86_64",
            "image_owner_alias": "amazon",
            "image_type": "machine",
            "imds_support": "v2.0",
            "include_deprecated": false,
            "kernel_id": "",
            "last_launched_time": "",
            "most_recent": true,
            "name": "al2023-ami-ecs-hvm-2023.0.20260629-kernel-6.1-x86_64",
            "name_regex": null,
            "owner_id": "591542846629",
            "owners": [
              "amazon"
            ],
            "platform": "",
            "platform_details": "Linux/UNIX",
            "product_codes": [],
            "public": true,
            "ramdisk_id": "",
            "root_device_name": "/dev/xvda",
            "root_device_type": "ebs",
            "root_snapshot_id": "snap-0b76bf53fb4a5c7d3",
            "sriov_net_support": "simple",
            "state": "available",
            "state_reason": {
              "code": "UNSET",
              "message": "UNSET"
            },
            "tags": {},
            "timeouts": null,
            "tpm_support": "",
            "uefi_data": null,
            "usage_operation": "RunInstances",
            "virtualization_type": "hvm"
          },
          "sensitive_attributes": [],
          "identity_schema_version": 0
        }
      ]
    },
    {
      "mode": "data",
      "type": "aws_availability_zones",
      "name": "available",
      "provider": "provider[\"registry.terraform.io/hashicorp/aws\"]",
      "instances": [
        {
          "schema_version": 0,
          "attributes": {
            "all_availability_zones": null,
            "exclude_names": null,
            "exclude_zone_ids": null,
            "filter": null,
            "group_names": [
              "eu-central-1-zg-1"
            ],
            "id": "eu-central-1",
            "names": [
              "eu-central-1a",
              "eu-central-1b",
              "eu-central-1c"
            ],
            "state": "available",
            "timeouts": null,
            "zone_ids": [
              "euc1-az2",
              "euc1-az3",
              "euc1-az1"
            ]
          },
          "sensitive_attributes": [],
          "identity_schema_version": 0
        }
      ]
    },
    {
      "mode": "data",
      "type": "aws_caller_identity",
      "name": "current",
      "provider": "provider[\"registry.terraform.io/hashicorp/aws\"]",
      "instances": [
        {
          "schema_version": 0,
          "attributes": {
            "account_id": "263112802384",
            "arn": "arn:aws:iam::263112802384:user/rac-u-oblaku-aws-user",
            "id": "263112802384",
            "user_id": "AIDAT2QV6YBIINOKDJQCS"
          },
          "sensitive_attributes": [],
          "identity_schema_version": 0
        }
      ]
    },
    {
      "mode": "managed",
      "type": "aws_cloudwatch_event_rule",
      "name": "gold_to_postgres_schedule",
      "provider": "provider[\"registry.terraform.io/hashicorp/aws\"]",
      "instances": [
        {
          "schema_version": 1,
          "attributes": {
            "arn": "arn:aws:events:eu-central-1:263112802384:rule/social-medias-dev-gold-to-postgres-daily",
            "description": "Load gold Parquet metrics into PostgreSQL for Superset",
            "event_bus_name": "default",
            "event_pattern": null,
            "force_destroy": false,
            "id": "social-medias-dev-gold-to-postgres-daily",
            "is_enabled": true,
            "name": "social-medias-dev-gold-to-postgres-daily",
            "name_prefix": "",
            "role_arn": "",
            "schedule_expression": "cron(30 3 * * ? *)",
            "state": "ENABLED",
            "tags": {},
            "tags_all": {
              "Environment": "dev",
              "ManagedBy": "terraform",
              "Project": "social-medias"
            }
          },
          "sensitive_attributes": [],
          "identity_schema_version": 0,
          "private": "eyJzY2hlbWFfdmVyc2lvbiI6IjEifQ=="
        }
      ]
    },
    {
      "mode": "managed",
      "type": "aws_cloudwatch_event_rule",
      "name": "gold_transform_schedule",
      "provider": "provider[\"registry.terraform.io/hashicorp/aws\"]",
      "instances": [
        {
          "schema_version": 1,
          "attributes": {
            "arn": "arn:aws:events:eu-central-1:263112802384:rule/social-medias-dev-gold-transform-daily",
            "description": "Daily gold metrics after silver normalization",
            "event_bus_name": "default",
            "event_pattern": null,
            "force_destroy": false,
            "id": "social-medias-dev-gold-transform-daily",
            "is_enabled": true,
            "name": "social-medias-dev-gold-transform-daily",
            "name_prefix": "",
            "role_arn": "",
            "schedule_expression": "cron(0 3 * * ? *)",
            "state": "ENABLED",
            "tags": {},
            "tags_all": {
              "Environment": "dev",
              "ManagedBy": "terraform",
              "Project": "social-medias"
            }
          },
          "sensitive_attributes": [],
          "identity_schema_version": 0,
          "private": "eyJzY2hlbWFfdmVyc2lvbiI6IjEifQ=="
        }
      ]
    },
    {
      "mode": "managed",
      "type": "aws_cloudwatch_event_rule",
      "name": "hn_bronze_schedule",
      "provider": "provider[\"registry.terraform.io/hashicorp/aws\"]",
      "instances": [
        {
          "schema_version": 1,
          "attributes": {
            "arn": "arn:aws:events:eu-central-1:263112802384:rule/social-medias-dev-hn-bronze-daily",
            "description": "Daily bronze ingest of previous day's Hacker News data",
            "event_bus_name": "default",
            "event_pattern": null,
            "force_destroy": false,
            "id": "social-medias-dev-hn-bronze-daily",
            "is_enabled": true,
            "name": "social-medias-dev-hn-bronze-daily",
            "name_prefix": "",
            "role_arn": "",
            "schedule_expression": "cron(5 1 * * ? *)",
            "state": "ENABLED",
            "tags": {},
            "tags_all": {
              "Environment": "dev",
              "ManagedBy": "terraform",
              "Project": "social-medias"
            }
          },
          "sensitive_attributes": [],
          "identity_schema_version": 0,
          "private": "eyJzY2hlbWFfdmVyc2lvbiI6IjEifQ=="
        }
      ]
    },
    {
      "mode": "managed",
      "type": "aws_cloudwatch_event_rule",
      "name": "silver_normalize_schedule",
      "provider": "provider[\"registry.terraform.io/hashicorp/aws\"]",
      "instances": [
        {
          "schema_version": 1,
          "attributes": {
            "arn": "arn:aws:events:eu-central-1:263112802384:rule/social-medias-dev-silver-normalize-daily",
            "description": "Daily silver normalization after bronze HN ingest",
            "event_bus_name": "default",
            "event_pattern": null,
            "force_destroy": false,
            "id": "social-medias-dev-silver-normalize-daily",
            "is_enabled": true,
            "name": "social-medias-dev-silver-normalize-daily",
            "name_prefix": "",
            "role_arn": "",
            "schedule_expression": "cron(30 2 * * ? *)",
            "state": "ENABLED",
            "tags": {},
            "tags_all": {
              "Environment": "dev",
              "ManagedBy": "terraform",
              "Project": "social-medias"
            }
          },
          "sensitive_attributes": [],
          "identity_schema_version": 0,
          "private": "eyJzY2hlbWFfdmVyc2lvbiI6IjEifQ=="
        }
      ]
    },
    {
      "mode": "managed",
      "type": "aws_cloudwatch_event_target",
      "name": "gold_to_postgres_schedule",
      "provider": "provider[\"registry.terraform.io/hashicorp/aws\"]",
      "instances": [
        {
          "schema_version": 1,
          "attributes": {
            "appsync_target": [],
            "arn": "arn:aws:lambda:eu-central-1:263112802384:function:social-medias-dev-gold-to-postgres",
            "batch_target": [],
            "dead_letter_config": [],
            "ecs_target": [],
            "event_bus_name": "default",
            "force_destroy": false,
            "http_target": [],
            "id": "social-medias-dev-gold-to-postgres-daily-gold-to-postgres",
            "input": "",
            "input_path": "",
            "input_transformer": [],
            "kinesis_target": [],
            "redshift_target": [],
            "retry_policy": [],
            "role_arn": "",
            "rule": "social-medias-dev-gold-to-postgres-daily",
            "run_command_targets": [],
            "sagemaker_pipeline_target": [],
            "sqs_target": [],
            "target_id": "gold-to-postgres"
          },
          "sensitive_attributes": [],
          "identity_schema_version": 0,
          "private": "eyJzY2hlbWFfdmVyc2lvbiI6IjEifQ==",
          "dependencies": [
            "aws_cloudwatch_event_rule.gold_to_postgres_schedule",
            "aws_cloudwatch_log_group.gold_to_postgres_lambda",
            "aws_eip.nat",
            "aws_iam_instance_profile.analytics_ec2",
            "aws_iam_role.analytics_ec2",
            "aws_iam_role.gold_to_postgres_lambda",
            "aws_iam_role_policy.gold_to_postgres_lambda",
            "aws_instance.analytics",
            "aws_internet_gateway.main",
            "aws_lambda_function.gold_to_postgres",
            "aws_nat_gateway.main",
            "aws_s3_bucket.data_lake",
            "aws_security_group.analytics_ec2",
            "aws_security_group.gold_load_lambda",
            "aws_subnet.private",
            "aws_subnet.public",
            "aws_vpc.main",
            "data.archive_file.gold_to_postgres_lambda",
            "data.aws_ami.amazon_linux_2023",
            "data.aws_availability_zones.available",
            "data.aws_caller_identity.current",
            "random_password.postgres",
            "random_password.superset_secret"
          ]
        }
      ]
    },
    {
      "mode": "managed",
      "type": "aws_cloudwatch_event_target",
      "name": "gold_transform_schedule",
      "provider": "provider[\"registry.terraform.io/hashicorp/aws\"]",
      "instances": [
        {
          "schema_version": 1,
          "attributes": {
            "appsync_target": [],
            "arn": "arn:aws:lambda:eu-central-1:263112802384:function:social-medias-dev-gold-transform",
            "batch_target": [],
            "dead_letter_config": [],
            "ecs_target": [],
            "event_bus_name": "default",
            "force_destroy": false,
            "http_target": [],
            "id": "social-medias-dev-gold-transform-daily-gold-transform",
            "input": "",
            "input_path": "",
            "input_transformer": [],
            "kinesis_target": [],
            "redshift_target": [],
            "retry_policy": [],
            "role_arn": "",
            "rule": "social-medias-dev-gold-transform-daily",
            "run_command_targets": [],
            "sagemaker_pipeline_target": [],
            "sqs_target": [],
            "target_id": "gold-transform"
          },
          "sensitive_attributes": [],
          "identity_schema_version": 0,
          "private": "eyJzY2hlbWFfdmVyc2lvbiI6IjEifQ==",
          "dependencies": [
            "aws_cloudwatch_event_rule.gold_transform_schedule",
            "aws_cloudwatch_log_group.gold_transform_lambda",
            "aws_eip.nat",
            "aws_iam_role.gold_transform_lambda",
            "aws_iam_role_policy.gold_transform_lambda",
            "aws_internet_gateway.main",
            "aws_lambda_function.gold_transform",
            "aws_nat_gateway.main",
            "aws_s3_bucket.data_lake",
            "aws_security_group.lambda_hn",
            "aws_subnet.private",
            "aws_subnet.public",
            "aws_vpc.main",
            "data.archive_file.gold_transform_lambda",
            "data.aws_availability_zones.available",
            "data.aws_caller_identity.current"
          ]
        }
      ]
    },
    {
      "mode": "managed",
      "type": "aws_cloudwatch_event_target",
      "name": "hn_bronze_schedule",
      "provider": "provider[\"registry.terraform.io/hashicorp/aws\"]",
      "instances": [
        {
          "schema_version": 1,
          "attributes": {
            "appsync_target": [],
            "arn": "arn:aws:lambda:eu-central-1:263112802384:function:social-medias-dev-hn-bronze-ingest",
            "batch_target": [],
            "dead_letter_config": [],
            "ecs_target": [],
            "event_bus_name": "default",
            "force_destroy": false,
            "http_target": [],
            "id": "social-medias-dev-hn-bronze-daily-hn-bronze-ingest",
            "input": "",
            "input_path": "",
            "input_transformer": [],
            "kinesis_target": [],
            "redshift_target": [],
            "retry_policy": [],
            "role_arn": "",
            "rule": "social-medias-dev-hn-bronze-daily",
            "run_command_targets": [],
            "sagemaker_pipeline_target": [],
            "sqs_target": [],
            "target_id": "hn-bronze-ingest"
          },
          "sensitive_attributes": [],
          "identity_schema_version": 0,
          "private": "eyJzY2hlbWFfdmVyc2lvbiI6IjEifQ==",
          "dependencies": [
            "aws_cloudwatch_event_rule.hn_bronze_schedule",
            "aws_cloudwatch_log_group.hn_bronze_lambda",
            "aws_eip.nat",
            "aws_iam_role.hn_bronze_lambda",
            "aws_iam_role_policy.hn_bronze_lambda",
            "aws_internet_gateway.main",
            "aws_lambda_function.hn_bronze_ingest",
            "aws_nat_gateway.main",
            "aws_s3_bucket.data_lake",
            "aws_security_group.lambda_hn",
            "aws_subnet.private",
            "aws_subnet.public",
            "aws_vpc.main",
            "data.archive_file.hn_bronze_lambda",
            "data.aws_availability_zones.available",
            "data.aws_caller_identity.current"
          ]
        }
      ]
    },
    {
      "mode": "managed",
      "type": "aws_cloudwatch_event_target",
      "name": "silver_normalize_schedule",
      "provider": "provider[\"registry.terraform.io/hashicorp/aws\"]",
      "instances": [
        {
          "schema_version": 1,
          "attributes": {
            "appsync_target": [],
            "arn": "arn:aws:lambda:eu-central-1:263112802384:function:social-medias-dev-silver-normalize",
            "batch_target": [],
            "dead_letter_config": [],
            "ecs_target": [],
            "event_bus_name": "default",
            "force_destroy": false,
            "http_target": [],
            "id": "social-medias-dev-silver-normalize-daily-silver-normalize",
            "input": "",
            "input_path": "",
            "input_transformer": [],
            "kinesis_target": [],
            "redshift_target": [],
            "retry_policy": [],
            "role_arn": "",
            "rule": "social-medias-dev-silver-normalize-daily",
            "run_command_targets": [],
            "sagemaker_pipeline_target": [],
            "sqs_target": [],
            "target_id": "silver-normalize"
          },
          "sensitive_attributes": [],
          "identity_schema_version": 0,
          "private": "eyJzY2hlbWFfdmVyc2lvbiI6IjEifQ==",
          "dependencies": [
            "aws_cloudwatch_event_rule.silver_normalize_schedule",
            "aws_cloudwatch_log_group.silver_normalize_lambda",
            "aws_eip.nat",
            "aws_iam_role.silver_normalize_lambda",
            "aws_iam_role_policy.silver_normalize_lambda",
            "aws_internet_gateway.main",
            "aws_lambda_function.silver_normalize",
            "aws_nat_gateway.main",
            "aws_s3_bucket.data_lake",
            "aws_security_group.lambda_hn",
            "aws_subnet.private",
            "aws_subnet.public",
            "aws_vpc.main",
            "data.archive_file.silver_normalize_lambda",
            "data.aws_availability_zones.available",
            "data.aws_caller_identity.current"
          ]
        }
      ]
    },
    {
      "mode": "managed",
      "type": "aws_cloudwatch_log_group",
      "name": "discord_notify_lambda",
      "provider": "provider[\"registry.terraform.io/hashicorp/aws\"]",
      "instances": [
        {
          "index_key": 0,
          "schema_version": 0,
          "attributes": {
            "arn": "arn:aws:logs:eu-central-1:263112802384:log-group:/aws/lambda/social-medias-dev-discord-notify",
            "id": "/aws/lambda/social-medias-dev-discord-notify",
            "kms_key_id": "",
            "log_group_class": "STANDARD",
            "name": "/aws/lambda/social-medias-dev-discord-notify",
            "name_prefix": "",
            "retention_in_days": 14,
            "skip_destroy": false,
            "tags": {},
            "tags_all": {
              "Environment": "dev",
              "ManagedBy": "terraform",
              "Project": "social-medias"
            }
          },
          "sensitive_attributes": [],
          "identity_schema_version": 0,
          "private": "bnVsbA=="
        }
      ]
    },
    {
      "mode": "managed",
      "type": "aws_cloudwatch_log_group",
      "name": "gold_to_postgres_lambda",
      "provider": "provider[\"registry.terraform.io/hashicorp/aws\"]",
      "instances": [
        {
          "schema_version": 0,
          "attributes": {
            "arn": "arn:aws:logs:eu-central-1:263112802384:log-group:/aws/lambda/social-medias-dev-gold-to-postgres",
            "id": "/aws/lambda/social-medias-dev-gold-to-postgres",
            "kms_key_id": "",
            "log_group_class": "STANDARD",
            "name": "/aws/lambda/social-medias-dev-gold-to-postgres",
            "name_prefix": "",
            "retention_in_days": 14,
            "skip_destroy": false,
            "tags": {},
            "tags_all": {
              "Environment": "dev",
              "ManagedBy": "terraform",
              "Project": "social-medias"
            }
          },
          "sensitive_attributes": [],
          "identity_schema_version": 0,
          "private": "bnVsbA=="
        }
      ]
    },
    {
      "mode": "managed",
      "type": "aws_cloudwatch_log_group",
      "name": "gold_transform_lambda",
      "provider": "provider[\"registry.terraform.io/hashicorp/aws\"]",
      "instances": [
        {
          "schema_version": 0,
          "attributes": {
            "arn": "arn:aws:logs:eu-central-1:263112802384:log-group:/aws/lambda/social-medias-dev-gold-transform",
            "id": "/aws/lambda/social-medias-dev-gold-transform",
            "kms_key_id": "",
            "log_group_class": "STANDARD",
            "name": "/aws/lambda/social-medias-dev-gold-transform",
            "name_prefix": "",
            "retention_in_days": 14,
            "skip_destroy": false,
            "tags": {},
            "tags_all": {
              "Environment": "dev",
              "ManagedBy": "terraform",
              "Project": "social-medias"
            }
          },
          "sensitive_attributes": [],
          "identity_schema_version": 0,
          "private": "bnVsbA=="
        }
      ]
    },
    {
      "mode": "managed",
      "type": "aws_cloudwatch_log_group",
      "name": "hn_bronze_lambda",
      "provider": "provider[\"registry.terraform.io/hashicorp/aws\"]",
      "instances": [
        {
          "schema_version": 0,
          "attributes": {
            "arn": "arn:aws:logs:eu-central-1:263112802384:log-group:/aws/lambda/social-medias-dev-hn-bronze-ingest",
            "id": "/aws/lambda/social-medias-dev-hn-bronze-ingest",
            "kms_key_id": "",
            "log_group_class": "STANDARD",
            "name": "/aws/lambda/social-medias-dev-hn-bronze-ingest",
            "name_prefix": "",
            "retention_in_days": 14,
            "skip_destroy": false,
            "tags": {},
            "tags_all": {
              "Environment": "dev",
              "ManagedBy": "terraform",
              "Project": "social-medias"
            }
          },
          "sensitive_attributes": [],
          "identity_schema_version": 0,
          "private": "eyJzY2hlbWFfdmVyc2lvbiI6IjAifQ=="
        }
      ]
    },
    {
      "mode": "managed",
      "type": "aws_cloudwatch_log_group",
      "name": "silver_normalize_lambda",
      "provider": "provider[\"registry.terraform.io/hashicorp/aws\"]",
      "instances": [
        {
          "schema_version": 0,
          "attributes": {
            "arn": "arn:aws:logs:eu-central-1:263112802384:log-group:/aws/lambda/social-medias-dev-silver-normalize",
            "id": "/aws/lambda/social-medias-dev-silver-normalize",
            "kms_key_id": "",
            "log_group_class": "STANDARD",
            "name": "/aws/lambda/social-medias-dev-silver-normalize",
            "name_prefix": "",
            "retention_in_days": 14,
            "skip_destroy": false,
            "tags": {},
            "tags_all": {
              "Environment": "dev",
              "ManagedBy": "terraform",
              "Project": "social-medias"
            }
          },
          "sensitive_attributes": [],
          "identity_schema_version": 0,
          "private": "bnVsbA=="
        }
      ]
    },
    {
      "mode": "managed",
      "type": "aws_cloudwatch_metric_alarm",
      "name": "lambda_errors",
      "provider": "provider[\"registry.terraform.io/hashicorp/aws\"]",
      "instances": [
        {
          "index_key": "gold",
          "schema_version": 1,
          "attributes": {
            "actions_enabled": true,
            "alarm_actions": [
              "arn:aws:sns:eu-central-1:263112802384:social-medias-dev-pipeline-alerts"
            ],
            "alarm_description": "Discord alert when social-medias-dev-gold-transform reports Lambda Errors",
            "alarm_name": "social-medias-dev-gold-errors",
            "arn": "arn:aws:cloudwatch:eu-central-1:263112802384:alarm:social-medias-dev-gold-errors",
            "comparison_operator": "GreaterThanThreshold",
            "datapoints_to_alarm": 0,
            "dimensions": {
              "FunctionName": "social-medias-dev-gold-transform"
            },
            "evaluate_low_sample_count_percentiles": "",
            "evaluation_periods": 1,
            "extended_statistic": "",
            "id": "social-medias-dev-gold-errors",
            "insufficient_data_actions": [],
            "metric_name": "Errors",
            "metric_query": [],
            "namespace": "AWS/Lambda",
            "ok_actions": [],
            "period": 60,
            "statistic": "Sum",
            "tags": {},
            "tags_all": {
              "Environment": "dev",
              "ManagedBy": "terraform",
              "Project": "social-medias"
            },
            "threshold": 0,
            "threshold_metric_id": "",
            "treat_missing_data": "notBreaching",
            "unit": ""
          },
          "sensitive_attributes": [],
          "identity_schema_version": 0,
          "private": "eyJzY2hlbWFfdmVyc2lvbiI6IjEifQ==",
          "dependencies": [
            "aws_cloudwatch_log_group.gold_to_postgres_lambda",
            "aws_cloudwatch_log_group.gold_transform_lambda",
            "aws_cloudwatch_log_group.hn_bronze_lambda",
            "aws_cloudwatch_log_group.silver_normalize_lambda",
            "aws_eip.nat",
            "aws_iam_instance_profile.analytics_ec2",
            "aws_iam_role.analytics_ec2",
            "aws_iam_role.gold_to_postgres_lambda",
            "aws_iam_role.gold_transform_lambda",
            "aws_iam_role.hn_bronze_lambda",
            "aws_iam_role.silver_normalize_lambda",
            "aws_iam_role_policy.gold_to_postgres_lambda",
            "aws_iam_role_policy.gold_transform_lambda",
            "aws_iam_role_policy.hn_bronze_lambda",
            "aws_iam_role_policy.silver_normalize_lambda",
            "aws_instance.analytics",
            "aws_internet_gateway.main",
            "aws_lambda_function.gold_to_postgres",
            "aws_lambda_function.gold_transform",
            "aws_lambda_function.hn_bronze_ingest",
            "aws_lambda_function.silver_normalize",
            "aws_nat_gateway.main",
            "aws_s3_bucket.data_lake",
            "aws_security_group.analytics_ec2",
            "aws_security_group.gold_load_lambda",
            "aws_security_group.lambda_hn",
            "aws_sns_topic.pipeline_alerts",
            "aws_subnet.private",
            "aws_subnet.public",
            "aws_vpc.main",
            "data.archive_file.gold_to_postgres_lambda",
            "data.archive_file.gold_transform_lambda",
            "data.archive_file.hn_bronze_lambda",
            "data.archive_file.silver_normalize_lambda",
            "data.aws_ami.amazon_linux_2023",
            "data.aws_availability_zones.available",
            "data.aws_caller_identity.current",
            "random_password.postgres",
            "random_password.superset_secret"
          ]
        },
        {
          "index_key": "gold_to_pg",
          "schema_version": 1,
          "attributes": {
            "actions_enabled": true,
            "alarm_actions": [
              "arn:aws:sns:eu-central-1:263112802384:social-medias-dev-pipeline-alerts"
            ],
            "alarm_description": "Discord alert when social-medias-dev-gold-to-postgres reports Lambda Errors",
            "alarm_name": "social-medias-dev-gold_to_pg-errors",
            "arn": "arn:aws:cloudwatch:eu-central-1:263112802384:alarm:social-medias-dev-gold_to_pg-errors",
            "comparison_operator": "GreaterThanThreshold",
            "datapoints_to_alarm": 0,
            "dimensions": {
              "FunctionName": "social-medias-dev-gold-to-postgres"
            },
            "evaluate_low_sample_count_percentiles": "",
            "evaluation_periods": 1,
            "extended_statistic": "",
            "id": "social-medias-dev-gold_to_pg-errors",
            "insufficient_data_actions": [],
            "metric_name": "Errors",
            "metric_query": [],
            "namespace": "AWS/Lambda",
            "ok_actions": [],
            "period": 60,
            "statistic": "Sum",
            "tags": {},
            "tags_all": {
              "Environment": "dev",
              "ManagedBy": "terraform",
              "Project": "social-medias"
            },
            "threshold": 0,
            "threshold_metric_id": "",
            "treat_missing_data": "notBreaching",
            "unit": ""
          },
          "sensitive_attributes": [],
          "identity_schema_version": 0,
          "private": "eyJzY2hlbWFfdmVyc2lvbiI6IjEifQ==",
          "dependencies": [
            "aws_cloudwatch_log_group.gold_to_postgres_lambda",
            "aws_cloudwatch_log_group.gold_transform_lambda",
            "aws_cloudwatch_log_group.hn_bronze_lambda",
            "aws_cloudwatch_log_group.silver_normalize_lambda",
            "aws_eip.nat",
            "aws_iam_instance_profile.analytics_ec2",
            "aws_iam_role.analytics_ec2",
            "aws_iam_role.gold_to_postgres_lambda",
            "aws_iam_role.gold_transform_lambda",
            "aws_iam_role.hn_bronze_lambda",
            "aws_iam_role.silver_normalize_lambda",
            "aws_iam_role_policy.gold_to_postgres_lambda",
            "aws_iam_role_policy.gold_transform_lambda",
            "aws_iam_role_policy.hn_bronze_lambda",
            "aws_iam_role_policy.silver_normalize_lambda",
            "aws_instance.analytics",
            "aws_internet_gateway.main",
            "aws_lambda_function.gold_to_postgres",
            "aws_lambda_function.gold_transform",
            "aws_lambda_function.hn_bronze_ingest",
            "aws_lambda_function.silver_normalize",
            "aws_nat_gateway.main",
            "aws_s3_bucket.data_lake",
            "aws_security_group.analytics_ec2",
            "aws_security_group.gold_load_lambda",
            "aws_security_group.lambda_hn",
            "aws_sns_topic.pipeline_alerts",
            "aws_subnet.private",
            "aws_subnet.public",
            "aws_vpc.main",
            "data.archive_file.gold_to_postgres_lambda",
            "data.archive_file.gold_transform_lambda",
            "data.archive_file.hn_bronze_lambda",
            "data.archive_file.silver_normalize_lambda",
            "data.aws_ami.amazon_linux_2023",
            "data.aws_availability_zones.available",
            "data.aws_caller_identity.current",
            "random_password.postgres",
            "random_password.superset_secret"
          ]
        },
        {
          "index_key": "hn_bronze",
          "schema_version": 1,
          "attributes": {
            "actions_enabled": true,
            "alarm_actions": [
              "arn:aws:sns:eu-central-1:263112802384:social-medias-dev-pipeline-alerts"
            ],
            "alarm_description": "Discord alert when social-medias-dev-hn-bronze-ingest reports Lambda Errors",
            "alarm_name": "social-medias-dev-hn_bronze-errors",
            "arn": "arn:aws:cloudwatch:eu-central-1:263112802384:alarm:social-medias-dev-hn_bronze-errors",
            "comparison_operator": "GreaterThanThreshold",
            "datapoints_to_alarm": 0,
            "dimensions": {
              "FunctionName": "social-medias-dev-hn-bronze-ingest"
            },
            "evaluate_low_sample_count_percentiles": "",
            "evaluation_periods": 1,
            "extended_statistic": "",
            "id": "social-medias-dev-hn_bronze-errors",
            "insufficient_data_actions": [],
            "metric_name": "Errors",
            "metric_query": [],
            "namespace": "AWS/Lambda",
            "ok_actions": [],
            "period": 60,
            "statistic": "Sum",
            "tags": {},
            "tags_all": {
              "Environment": "dev",
              "ManagedBy": "terraform",
              "Project": "social-medias"
            },
            "threshold": 0,
            "threshold_metric_id": "",
            "treat_missing_data": "notBreaching",
            "unit": ""
          },
          "sensitive_attributes": [],
          "identity_schema_version": 0,
          "private": "eyJzY2hlbWFfdmVyc2lvbiI6IjEifQ==",
          "dependencies": [
            "aws_cloudwatch_log_group.gold_to_postgres_lambda",
            "aws_cloudwatch_log_group.gold_transform_lambda",
            "aws_cloudwatch_log_group.hn_bronze_lambda",
            "aws_cloudwatch_log_group.silver_normalize_lambda",
            "aws_eip.nat",
            "aws_iam_instance_profile.analytics_ec2",
            "aws_iam_role.analytics_ec2",
            "aws_iam_role.gold_to_postgres_lambda",
            "aws_iam_role.gold_transform_lambda",
            "aws_iam_role.hn_bronze_lambda",
            "aws_iam_role.silver_normalize_lambda",
            "aws_iam_role_policy.gold_to_postgres_lambda",
            "aws_iam_role_policy.gold_transform_lambda",
            "aws_iam_role_policy.hn_bronze_lambda",
            "aws_iam_role_policy.silver_normalize_lambda",
            "aws_instance.analytics",
            "aws_internet_gateway.main",
            "aws_lambda_function.gold_to_postgres",
            "aws_lambda_function.gold_transform",
            "aws_lambda_function.hn_bronze_ingest",
            "aws_lambda_function.silver_normalize",
            "aws_nat_gateway.main",
            "aws_s3_bucket.data_lake",
            "aws_security_group.analytics_ec2",
            "aws_security_group.gold_load_lambda",
            "aws_security_group.lambda_hn",
            "aws_sns_topic.pipeline_alerts",
            "aws_subnet.private",
            "aws_subnet.public",
            "aws_vpc.main",
            "data.archive_file.gold_to_postgres_lambda",
            "data.archive_file.gold_transform_lambda",
            "data.archive_file.hn_bronze_lambda",
            "data.archive_file.silver_normalize_lambda",
            "data.aws_ami.amazon_linux_2023",
            "data.aws_availability_zones.available",
            "data.aws_caller_identity.current",
            "random_password.postgres",
            "random_password.superset_secret"
          ]
        },
        {
          "index_key": "silver",
          "schema_version": 1,
          "attributes": {
            "actions_enabled": true,
            "alarm_actions": [
              "arn:aws:sns:eu-central-1:263112802384:social-medias-dev-pipeline-alerts"
            ],
            "alarm_description": "Discord alert when social-medias-dev-silver-normalize reports Lambda Errors",
            "alarm_name": "social-medias-dev-silver-errors",
            "arn": "arn:aws:cloudwatch:eu-central-1:263112802384:alarm:social-medias-dev-silver-errors",
            "comparison_operator": "GreaterThanThreshold",
            "datapoints_to_alarm": 0,
            "dimensions": {
              "FunctionName": "social-medias-dev-silver-normalize"
            },
            "evaluate_low_sample_count_percentiles": "",
            "evaluation_periods": 1,
            "extended_statistic": "",
            "id": "social-medias-dev-silver-errors",
            "insufficient_data_actions": [],
            "metric_name": "Errors",
            "metric_query": [],
            "namespace": "AWS/Lambda",
            "ok_actions": [],
            "period": 60,
            "statistic": "Sum",
            "tags": {},
            "tags_all": {
              "Environment": "dev",
              "ManagedBy": "terraform",
              "Project": "social-medias"
            },
            "threshold": 0,
            "threshold_metric_id": "",
            "treat_missing_data": "notBreaching",
            "unit": ""
          },
          "sensitive_attributes": [],
          "identity_schema_version": 0,
          "private": "eyJzY2hlbWFfdmVyc2lvbiI6IjEifQ==",
          "dependencies": [
            "aws_cloudwatch_log_group.gold_to_postgres_lambda",
            "aws_cloudwatch_log_group.gold_transform_lambda",
            "aws_cloudwatch_log_group.hn_bronze_lambda",
            "aws_cloudwatch_log_group.silver_normalize_lambda",
            "aws_eip.nat",
            "aws_iam_instance_profile.analytics_ec2",
            "aws_iam_role.analytics_ec2",
            "aws_iam_role.gold_to_postgres_lambda",
            "aws_iam_role.gold_transform_lambda",
            "aws_iam_role.hn_bronze_lambda",
            "aws_iam_role.silver_normalize_lambda",
            "aws_iam_role_policy.gold_to_postgres_lambda",
            "aws_iam_role_policy.gold_transform_lambda",
            "aws_iam_role_policy.hn_bronze_lambda",
            "aws_iam_role_policy.silver_normalize_lambda",
            "aws_instance.analytics",
            "aws_internet_gateway.main",
            "aws_lambda_function.gold_to_postgres",
            "aws_lambda_function.gold_transform",
            "aws_lambda_function.hn_bronze_ingest",
            "aws_lambda_function.silver_normalize",
            "aws_nat_gateway.main",
            "aws_s3_bucket.data_lake",
            "aws_security_group.analytics_ec2",
            "aws_security_group.gold_load_lambda",
            "aws_security_group.lambda_hn",
            "aws_sns_topic.pipeline_alerts",
            "aws_subnet.private",
            "aws_subnet.public",
            "aws_vpc.main",
            "data.archive_file.gold_to_postgres_lambda",
            "data.archive_file.gold_transform_lambda",
            "data.archive_file.hn_bronze_lambda",
            "data.archive_file.silver_normalize_lambda",
            "data.aws_ami.amazon_linux_2023",
            "data.aws_availability_zones.available",
            "data.aws_caller_identity.current",
            "random_password.postgres",
            "random_password.superset_secret"
          ]
        }
      ]
    },
    {
      "mode": "managed",
      "type": "aws_eip",
      "name": "analytics",
      "provider": "provider[\"registry.terraform.io/hashicorp/aws\"]",
      "instances": [
        {
          "schema_version": 0,
          "attributes": {
            "address": null,
            "allocation_id": "eipalloc-08240852c73876493",
            "arn": "arn:aws:ec2:eu-central-1:263112802384:elastic-ip/eipalloc-08240852c73876493",
            "associate_with_private_ip": null,
            "association_id": "eipassoc-0a603fac478e6b166",
            "carrier_ip": "",
            "customer_owned_ip": "",
            "customer_owned_ipv4_pool": "",
            "domain": "vpc",
            "id": "eipalloc-08240852c73876493",
            "instance": "i-0050ccfff752f9585",
            "ipam_pool_id": null,
            "network_border_group": "eu-central-1",
            "network_interface": "eni-08838810bce8861b8",
            "private_dns": "ip-10-0-0-137.eu-central-1.compute.internal",
            "private_ip": "10.0.0.137",
            "ptr_record": "",
            "public_dns": "ec2-3-127-52-193.eu-central-1.compute.amazonaws.com",
            "public_ip": "3.127.52.193",
            "public_ipv4_pool": "amazon",
            "tags": {
              "Name": "social-medias-dev-analytics-eip"
            },
            "tags_all": {
              "Environment": "dev",
              "ManagedBy": "terraform",
              "Name": "social-medias-dev-analytics-eip",
              "Project": "social-medias"
            },
            "timeouts": null,
            "vpc": true
          },
          "sensitive_attributes": [],
          "identity_schema_version": 0,
          "private": "eyJlMmJmYjczMC1lY2FhLTExZTYtOGY4OC0zNDM2M2JjN2M0YzAiOnsiZGVsZXRlIjoxODAwMDAwMDAwMDAsInJlYWQiOjkwMDAwMDAwMDAwMCwidXBkYXRlIjozMDAwMDAwMDAwMDB9fQ=="
        }
      ]
    },
    {
      "mode": "managed",
      "type": "aws_eip",
      "name": "nat",
      "provider": "provider[\"registry.terraform.io/hashicorp/aws\"]",
      "instances": [
        {
          "schema_version": 0,
          "attributes": {
            "address": null,
            "allocation_id": "eipalloc-020eef2d7db59c7e6",
            "arn": "arn:aws:ec2:eu-central-1:263112802384:elastic-ip/eipalloc-020eef2d7db59c7e6",
            "associate_with_private_ip": null,
            "association_id": "eipassoc-0fb490ce996f9a9e4",
            "carrier_ip": "",
            "customer_owned_ip": "",
            "customer_owned_ipv4_pool": "",
            "domain": "vpc",
            "id": "eipalloc-020eef2d7db59c7e6",
            "instance": "",
            "ipam_pool_id": null,
            "network_border_group": "eu-central-1",
            "network_interface": "eni-0922cab10a0f25232",
            "private_dns": "ip-10-0-0-252.eu-central-1.compute.internal",
            "private_ip": "10.0.0.252",
            "ptr_record": "",
            "public_dns": "ec2-18-193-170-76.eu-central-1.compute.amazonaws.com",
            "public_ip": "18.193.170.76",
            "public_ipv4_pool": "amazon",
            "tags": {
              "Name": "social-medias-dev-nat-eip"
            },
            "tags_all": {
              "Environment": "dev",
              "ManagedBy": "terraform",
              "Name": "social-medias-dev-nat-eip",
              "Project": "social-medias"
            },
            "timeouts": null,
            "vpc": true
          },
          "sensitive_attributes": [],
          "identity_schema_version": 0,
          "private": "eyJlMmJmYjczMC1lY2FhLTExZTYtOGY4OC0zNDM2M2JjN2M0YzAiOnsiZGVsZXRlIjoxODAwMDAwMDAwMDAsInJlYWQiOjkwMDAwMDAwMDAwMCwidXBkYXRlIjozMDAwMDAwMDAwMDB9fQ==",
          "dependencies": [
            "aws_internet_gateway.main",
            "aws_vpc.main"
          ]
        }
      ]
    },
    {
      "mode": "managed",
      "type": "aws_eip_association",
      "name": "analytics",
      "provider": "provider[\"registry.terraform.io/hashicorp/aws\"]",
      "instances": [
        {
          "schema_version": 0,
          "attributes": {
            "allocation_id": "eipalloc-08240852c73876493",
            "allow_reassociation": null,
            "id": "eipassoc-0a603fac478e6b166",
            "instance_id": "i-0050ccfff752f9585",
            "network_interface_id": "eni-08838810bce8861b8",
            "private_ip_address": "10.0.0.137",
            "public_ip": "3.127.52.193"
          },
          "sensitive_attributes": [],
          "identity_schema_version": 0,
          "private": "bnVsbA==",
          "dependencies": [
            "aws_eip.analytics",
            "aws_iam_instance_profile.analytics_ec2",
            "aws_iam_role.analytics_ec2",
            "aws_instance.analytics",
            "aws_security_group.analytics_ec2",
            "aws_subnet.public",
            "aws_vpc.main",
            "data.aws_ami.amazon_linux_2023",
            "data.aws_availability_zones.available",
            "random_password.postgres",
            "random_password.superset_secret"
          ]
        }
      ]
    },
    {
      "mode": "managed",
      "type": "aws_iam_instance_profile",
      "name": "analytics_ec2",
      "provider": "provider[\"registry.terraform.io/hashicorp/aws\"]",
      "instances": [
        {
          "schema_version": 0,
          "attributes": {
            "arn": "arn:aws:iam::263112802384:instance-profile/social-medias-dev-analytics-ec2",
            "create_date": "2026-06-28T14:15:34Z",
            "id": "social-medias-dev-analytics-ec2",
            "name": "social-medias-dev-analytics-ec2",
            "name_prefix": "",
            "path": "/",
            "role": "social-medias-dev-analytics-ec2",
            "tags": {},
            "tags_all": {
              "Environment": "dev",
              "ManagedBy": "terraform",
              "Project": "social-medias"
            },
            "unique_id": "AIPAT2QV6YBICH7P4HWQI"
          },
          "sensitive_attributes": [],
          "identity_schema_version": 0,
          "private": "bnVsbA==",
          "dependencies": [
            "aws_iam_role.analytics_ec2"
          ]
        }
      ]
    },
    {
      "mode": "managed",
      "type": "aws_iam_role",
      "name": "analytics_ec2",
      "provider": "provider[\"registry.terraform.io/hashicorp/aws\"]",
      "instances": [
        {
          "schema_version": 0,
          "attributes": {
            "arn": "arn:aws:iam::263112802384:role/social-medias-dev-analytics-ec2",
            "assume_role_policy": "{\"Statement\":[{\"Action\":\"sts:AssumeRole\",\"Effect\":\"Allow\",\"Principal\":{\"Service\":\"ec2.amazonaws.com\"}}],\"Version\":\"2012-10-17\"}",
            "create_date": "2026-06-28T14:15:33Z",
            "description": "",
            "force_detach_policies": false,
            "id": "social-medias-dev-analytics-ec2",
            "inline_policy": [],
            "managed_policy_arns": [
              "arn:aws:iam::aws:policy/AmazonSSMManagedInstanceCore"
            ],
            "max_session_duration": 3600,
            "name": "social-medias-dev-analytics-ec2",
            "name_prefix": "",
            "path": "/",
            "permissions_boundary": "",
            "tags": {},
            "tags_all": {
              "Environment": "dev",
              "ManagedBy": "terraform",
              "Project": "social-medias"
            },
            "unique_id": "AROAT2QV6YBIKNQPJWEA3"
          },
          "sensitive_attributes": [],
          "identity_schema_version": 0,
          "private": "bnVsbA=="
        }
      ]
    },
    {
      "mode": "managed",
      "type": "aws_iam_role",
      "name": "discord_notify_lambda",
      "provider": "provider[\"registry.terraform.io/hashicorp/aws\"]",
      "instances": [
        {
          "index_key": 0,
          "schema_version": 0,
          "attributes": {
            "arn": "arn:aws:iam::263112802384:role/social-medias-dev-discord-notify-lambda",
            "assume_role_policy": "{\"Statement\":[{\"Action\":\"sts:AssumeRole\",\"Effect\":\"Allow\",\"Principal\":{\"Service\":\"lambda.amazonaws.com\"}}],\"Version\":\"2012-10-17\"}",
            "create_date": "2026-06-28T14:36:54Z",
            "description": "",
            "force_detach_policies": false,
            "id": "social-medias-dev-discord-notify-lambda",
            "inline_policy": [
              {
                "name": "social-medias-dev-discord-notify-lambda",
                "policy": "{\"Version\":\"2012-10-17\",\"Statement\":[{\"Action\":[\"logs:CreateLogGroup\",\"logs:CreateLogStream\",\"logs:PutLogEvents\"],\"Effect\":\"Allow\",\"Resource\":\"arn:aws:logs:eu-central-1:263112802384:*\",\"Sid\":\"Logs\"}]}"
              }
            ],
            "managed_policy_arns": [],
            "max_session_duration": 3600,
            "name": "social-medias-dev-discord-notify-lambda",
            "name_prefix": "",
            "path": "/",
            "permissions_boundary": "",
            "tags": {},
            "tags_all": {
              "Environment": "dev",
              "ManagedBy": "terraform",
              "Project": "social-medias"
            },
            "unique_id": "AROAT2QV6YBINMGH4FXBG"
          },
          "sensitive_attributes": [],
          "identity_schema_version": 0,
          "private": "bnVsbA=="
        }
      ]
    },
    {
      "mode": "managed",
      "type": "aws_iam_role",
      "name": "gold_to_postgres_lambda",
      "provider": "provider[\"registry.terraform.io/hashicorp/aws\"]",
      "instances": [
        {
          "schema_version": 0,
          "attributes": {
            "arn": "arn:aws:iam::263112802384:role/social-medias-dev-gold-to-postgres-lambda",
            "assume_role_policy": "{\"Statement\":[{\"Action\":\"sts:AssumeRole\",\"Effect\":\"Allow\",\"Principal\":{\"Service\":\"lambda.amazonaws.com\"}}],\"Version\":\"2012-10-17\"}",
            "create_date": "2026-06-28T14:15:33Z",
            "description": "",
            "force_detach_policies": false,
            "id": "social-medias-dev-gold-to-postgres-lambda",
            "inline_policy": [
              {
                "name": "social-medias-dev-gold-to-postgres-lambda",
                "policy": "{\"Version\":\"2012-10-17\",\"Statement\":[{\"Action\":[\"s3:GetObject\",\"s3:ListBucket\"],\"Effect\":\"Allow\",\"Resource\":[\"arn:aws:s3:::social-medias-dev-datalake-263112802384\",\"arn:aws:s3:::social-medias-dev-datalake-263112802384/gold/*\"],\"Sid\":\"GoldRead\"},{\"Action\":[\"logs:CreateLogGroup\",\"logs:CreateLogStream\",\"logs:PutLogEvents\"],\"Effect\":\"Allow\",\"Resource\":\"arn:aws:logs:eu-central-1:263112802384:*\",\"Sid\":\"Logs\"},{\"Action\":[\"ec2:CreateNetworkInterface\",\"ec2:DescribeNetworkInterfaces\",\"ec2:DeleteNetworkInterface\",\"ec2:AssignPrivateIpAddresses\",\"ec2:UnassignPrivateIpAddresses\"],\"Effect\":\"Allow\",\"Resource\":\"*\",\"Sid\":\"VpcNetworking\"}]}"
              }
            ],
            "managed_policy_arns": [],
            "max_session_duration": 3600,
            "name": "social-medias-dev-gold-to-postgres-lambda",
            "name_prefix": "",
            "path": "/",
            "permissions_boundary": "",
            "tags": {},
            "tags_all": {
              "Environment": "dev",
              "ManagedBy": "terraform",
              "Project": "social-medias"
            },
            "unique_id": "AROAT2QV6YBIOWXPPMACT"
          },
          "sensitive_attributes": [],
          "identity_schema_version": 0,
          "private": "bnVsbA=="
        }
      ]
    },
    {
      "mode": "managed",
      "type": "aws_iam_role",
      "name": "gold_transform_lambda",
      "provider": "provider[\"registry.terraform.io/hashicorp/aws\"]",
      "instances": [
        {
          "schema_version": 0,
          "attributes": {
            "arn": "arn:aws:iam::263112802384:role/social-medias-dev-gold-transform-lambda",
            "assume_role_policy": "{\"Statement\":[{\"Action\":\"sts:AssumeRole\",\"Effect\":\"Allow\",\"Principal\":{\"Service\":\"lambda.amazonaws.com\"}}],\"Version\":\"2012-10-17\"}",
            "create_date": "2026-06-28T14:03:04Z",
            "description": "",
            "force_detach_policies": false,
            "id": "social-medias-dev-gold-transform-lambda",
            "inline_policy": [
              {
                "name": "social-medias-dev-gold-transform-lambda",
                "policy": "{\"Version\":\"2012-10-17\",\"Statement\":[{\"Action\":[\"s3:GetObject\",\"s3:ListBucket\"],\"Effect\":\"Allow\",\"Resource\":[\"arn:aws:s3:::social-medias-dev-datalake-263112802384\",\"arn:aws:s3:::social-medias-dev-datalake-263112802384/silver/*\"],\"Sid\":\"SilverRead\"},{\"Action\":[\"s3:PutObject\",\"s3:DeleteObject\",\"s3:AbortMultipartUpload\"],\"Effect\":\"Allow\",\"Resource\":\"arn:aws:s3:::social-medias-dev-datalake-263112802384/gold/*\",\"Sid\":\"GoldWrite\"},{\"Action\":[\"logs:CreateLogGroup\",\"logs:CreateLogStream\",\"logs:PutLogEvents\"],\"Effect\":\"Allow\",\"Resource\":\"arn:aws:logs:eu-central-1:263112802384:*\",\"Sid\":\"Logs\"},{\"Action\":[\"ec2:CreateNetworkInterface\",\"ec2:DescribeNetworkInterfaces\",\"ec2:DeleteNetworkInterface\",\"ec2:AssignPrivateIpAddresses\",\"ec2:UnassignPrivateIpAddresses\"],\"Effect\":\"Allow\",\"Resource\":\"*\",\"Sid\":\"VpcNetworking\"}]}"
              }
            ],
            "managed_policy_arns": [],
            "max_session_duration": 3600,
            "name": "social-medias-dev-gold-transform-lambda",
            "name_prefix": "",
            "path": "/",
            "permissions_boundary": "",
            "tags": {},
            "tags_all": {
              "Environment": "dev",
              "ManagedBy": "terraform",
              "Project": "social-medias"
            },
            "unique_id": "AROAT2QV6YBIOKINVN7WX"
          },
          "sensitive_attributes": [],
          "identity_schema_version": 0,
          "private": "bnVsbA=="
        }
      ]
    },
    {
      "mode": "managed",
      "type": "aws_iam_role",
      "name": "hn_bronze_lambda",
      "provider": "provider[\"registry.terraform.io/hashicorp/aws\"]",
      "instances": [
        {
          "schema_version": 0,
          "attributes": {
            "arn": "arn:aws:iam::263112802384:role/social-medias-dev-hn-bronze-lambda",
            "assume_role_policy": "{\"Statement\":[{\"Action\":\"sts:AssumeRole\",\"Effect\":\"Allow\",\"Principal\":{\"Service\":\"lambda.amazonaws.com\"}}],\"Version\":\"2012-10-17\"}",
            "create_date": "2026-05-29T11:19:33Z",
            "description": "",
            "force_detach_policies": false,
            "id": "social-medias-dev-hn-bronze-lambda",
            "inline_policy": [
              {
                "name": "social-medias-dev-hn-bronze-lambda",
                "policy": "{\"Version\":\"2012-10-17\",\"Statement\":[{\"Action\":[\"s3:PutObject\",\"s3:AbortMultipartUpload\"],\"Effect\":\"Allow\",\"Resource\":\"arn:aws:s3:::social-medias-dev-datalake-263112802384/bronze/hackernews/*\",\"Sid\":\"BronzeWrite\"},{\"Action\":[\"logs:CreateLogGroup\",\"logs:CreateLogStream\",\"logs:PutLogEvents\"],\"Effect\":\"Allow\",\"Resource\":\"arn:aws:logs:eu-central-1:263112802384:*\",\"Sid\":\"Logs\"},{\"Action\":[\"ec2:CreateNetworkInterface\",\"ec2:DescribeNetworkInterfaces\",\"ec2:DeleteNetworkInterface\",\"ec2:AssignPrivateIpAddresses\",\"ec2:UnassignPrivateIpAddresses\"],\"Effect\":\"Allow\",\"Resource\":\"*\",\"Sid\":\"VpcNetworking\"}]}"
              }
            ],
            "managed_policy_arns": [],
            "max_session_duration": 3600,
            "name": "social-medias-dev-hn-bronze-lambda",
            "name_prefix": "",
            "path": "/",
            "permissions_boundary": "",
            "tags": {},
            "tags_all": {
              "Environment": "dev",
              "ManagedBy": "terraform",
              "Project": "social-medias"
            },
            "unique_id": "AROAT2QV6YBIGPNCGP6W7"
          },
          "sensitive_attributes": [],
          "identity_schema_version": 0,
          "private": "eyJzY2hlbWFfdmVyc2lvbiI6IjAifQ=="
        }
      ]
    },
    {
      "mode": "managed",
      "type": "aws_iam_role",
      "name": "silver_normalize_lambda",
      "provider": "provider[\"registry.terraform.io/hashicorp/aws\"]",
      "instances": [
        {
          "schema_version": 0,
          "attributes": {
            "arn": "arn:aws:iam::263112802384:role/social-medias-dev-silver-normalize-lambda",
            "assume_role_policy": "{\"Statement\":[{\"Action\":\"sts:AssumeRole\",\"Effect\":\"Allow\",\"Principal\":{\"Service\":\"lambda.amazonaws.com\"}}],\"Version\":\"2012-10-17\"}",
            "create_date": "2026-06-28T13:52:21Z",
            "description": "",
            "force_detach_policies": false,
            "id": "social-medias-dev-silver-normalize-lambda",
            "inline_policy": [
              {
                "name": "social-medias-dev-silver-normalize-lambda",
                "policy": "{\"Version\":\"2012-10-17\",\"Statement\":[{\"Action\":[\"s3:GetObject\",\"s3:ListBucket\"],\"Effect\":\"Allow\",\"Resource\":[\"arn:aws:s3:::social-medias-dev-datalake-263112802384\",\"arn:aws:s3:::social-medias-dev-datalake-263112802384/bronze/*\"],\"Sid\":\"BronzeRead\"},{\"Action\":[\"s3:PutObject\",\"s3:DeleteObject\",\"s3:AbortMultipartUpload\"],\"Effect\":\"Allow\",\"Resource\":\"arn:aws:s3:::social-medias-dev-datalake-263112802384/silver/*\",\"Sid\":\"SilverWrite\"},{\"Action\":[\"logs:CreateLogGroup\",\"logs:CreateLogStream\",\"logs:PutLogEvents\"],\"Effect\":\"Allow\",\"Resource\":\"arn:aws:logs:eu-central-1:263112802384:*\",\"Sid\":\"Logs\"},{\"Action\":[\"ec2:CreateNetworkInterface\",\"ec2:DescribeNetworkInterfaces\",\"ec2:DeleteNetworkInterface\",\"ec2:AssignPrivateIpAddresses\",\"ec2:UnassignPrivateIpAddresses\"],\"Effect\":\"Allow\",\"Resource\":\"*\",\"Sid\":\"VpcNetworking\"}]}"
              }
            ],
            "managed_policy_arns": [],
            "max_session_duration": 3600,
            "name": "social-medias-dev-silver-normalize-lambda",
            "name_prefix": "",
            "path": "/",
            "permissions_boundary": "",
            "tags": {},
            "tags_all": {
              "Environment": "dev",
              "ManagedBy": "terraform",
              "Project": "social-medias"
            },
            "unique_id": "AROAT2QV6YBIGQVFLNFUX"
          },
          "sensitive_attributes": [],
          "identity_schema_version": 0,
          "private": "bnVsbA=="
        }
      ]
    },
    {
      "mode": "managed",
      "type": "aws_iam_role_policy",
      "name": "discord_notify_lambda",
      "provider": "provider[\"registry.terraform.io/hashicorp/aws\"]",
      "instances": [
        {
          "index_key": 0,
          "schema_version": 0,
          "attributes": {
            "id": "social-medias-dev-discord-notify-lambda:social-medias-dev-discord-notify-lambda",
            "name": "social-medias-dev-discord-notify-lambda",
            "name_prefix": "",
            "policy": "{\"Version\":\"2012-10-17\",\"Statement\":[{\"Action\":[\"logs:CreateLogGroup\",\"logs:CreateLogStream\",\"logs:PutLogEvents\"],\"Effect\":\"Allow\",\"Resource\":\"arn:aws:logs:eu-central-1:263112802384:*\",\"Sid\":\"Logs\"}]}",
            "role": "social-medias-dev-discord-notify-lambda"
          },
          "sensitive_attributes": [],
          "identity_schema_version": 0,
          "private": "bnVsbA==",
          "dependencies": [
            "aws_iam_role.discord_notify_lambda",
            "data.aws_caller_identity.current"
          ]
        }
      ]
    },
    {
      "mode": "managed",
      "type": "aws_iam_role_policy",
      "name": "gold_to_postgres_lambda",
      "provider": "provider[\"registry.terraform.io/hashicorp/aws\"]",
      "instances": [
        {
          "schema_version": 0,
          "attributes": {
            "id": "social-medias-dev-gold-to-postgres-lambda:social-medias-dev-gold-to-postgres-lambda",
            "name": "social-medias-dev-gold-to-postgres-lambda",
            "name_prefix": "",
            "policy": "{\"Version\":\"2012-10-17\",\"Statement\":[{\"Action\":[\"s3:GetObject\",\"s3:ListBucket\"],\"Effect\":\"Allow\",\"Resource\":[\"arn:aws:s3:::social-medias-dev-datalake-263112802384\",\"arn:aws:s3:::social-medias-dev-datalake-263112802384/gold/*\"],\"Sid\":\"GoldRead\"},{\"Action\":[\"logs:CreateLogGroup\",\"logs:CreateLogStream\",\"logs:PutLogEvents\"],\"Effect\":\"Allow\",\"Resource\":\"arn:aws:logs:eu-central-1:263112802384:*\",\"Sid\":\"Logs\"},{\"Action\":[\"ec2:CreateNetworkInterface\",\"ec2:DescribeNetworkInterfaces\",\"ec2:DeleteNetworkInterface\",\"ec2:AssignPrivateIpAddresses\",\"ec2:UnassignPrivateIpAddresses\"],\"Effect\":\"Allow\",\"Resource\":\"*\",\"Sid\":\"VpcNetworking\"}]}",
            "role": "social-medias-dev-gold-to-postgres-lambda"
          },
          "sensitive_attributes": [],
          "identity_schema_version": 0,
          "private": "bnVsbA==",
          "dependencies": [
            "aws_iam_role.gold_to_postgres_lambda",
            "aws_s3_bucket.data_lake",
            "data.aws_caller_identity.current"
          ]
        }
      ]
    },
    {
      "mode": "managed",
      "type": "aws_iam_role_policy",
      "name": "gold_transform_lambda",
      "provider": "provider[\"registry.terraform.io/hashicorp/aws\"]",
      "instances": [
        {
          "schema_version": 0,
          "attributes": {
            "id": "social-medias-dev-gold-transform-lambda:social-medias-dev-gold-transform-lambda",
            "name": "social-medias-dev-gold-transform-lambda",
            "name_prefix": "",
            "policy": "{\"Version\":\"2012-10-17\",\"Statement\":[{\"Action\":[\"s3:GetObject\",\"s3:ListBucket\"],\"Effect\":\"Allow\",\"Resource\":[\"arn:aws:s3:::social-medias-dev-datalake-263112802384\",\"arn:aws:s3:::social-medias-dev-datalake-263112802384/silver/*\"],\"Sid\":\"SilverRead\"},{\"Action\":[\"s3:PutObject\",\"s3:DeleteObject\",\"s3:AbortMultipartUpload\"],\"Effect\":\"Allow\",\"Resource\":\"arn:aws:s3:::social-medias-dev-datalake-263112802384/gold/*\",\"Sid\":\"GoldWrite\"},{\"Action\":[\"logs:CreateLogGroup\",\"logs:CreateLogStream\",\"logs:PutLogEvents\"],\"Effect\":\"Allow\",\"Resource\":\"arn:aws:logs:eu-central-1:263112802384:*\",\"Sid\":\"Logs\"},{\"Action\":[\"ec2:CreateNetworkInterface\",\"ec2:DescribeNetworkInterfaces\",\"ec2:DeleteNetworkInterface\",\"ec2:AssignPrivateIpAddresses\",\"ec2:UnassignPrivateIpAddresses\"],\"Effect\":\"Allow\",\"Resource\":\"*\",\"Sid\":\"VpcNetworking\"}]}",
            "role": "social-medias-dev-gold-transform-lambda"
          },
          "sensitive_attributes": [],
          "identity_schema_version": 0,
          "private": "bnVsbA==",
          "dependencies": [
            "aws_iam_role.gold_transform_lambda",
            "aws_s3_bucket.data_lake",
            "data.aws_caller_identity.current"
          ]
        }
      ]
    },
    {
      "mode": "managed",
      "type": "aws_iam_role_policy",
      "name": "hn_bronze_lambda",
      "provider": "provider[\"registry.terraform.io/hashicorp/aws\"]",
      "instances": [
        {
          "schema_version": 0,
          "attributes": {
            "id": "social-medias-dev-hn-bronze-lambda:social-medias-dev-hn-bronze-lambda",
            "name": "social-medias-dev-hn-bronze-lambda",
            "name_prefix": "",
            "policy": "{\"Version\":\"2012-10-17\",\"Statement\":[{\"Action\":[\"s3:PutObject\",\"s3:AbortMultipartUpload\"],\"Effect\":\"Allow\",\"Resource\":\"arn:aws:s3:::social-medias-dev-datalake-263112802384/bronze/hackernews/*\",\"Sid\":\"BronzeWrite\"},{\"Action\":[\"logs:CreateLogGroup\",\"logs:CreateLogStream\",\"logs:PutLogEvents\"],\"Effect\":\"Allow\",\"Resource\":\"arn:aws:logs:eu-central-1:263112802384:*\",\"Sid\":\"Logs\"},{\"Action\":[\"ec2:CreateNetworkInterface\",\"ec2:DescribeNetworkInterfaces\",\"ec2:DeleteNetworkInterface\",\"ec2:AssignPrivateIpAddresses\",\"ec2:UnassignPrivateIpAddresses\"],\"Effect\":\"Allow\",\"Resource\":\"*\",\"Sid\":\"VpcNetworking\"}]}",
            "role": "social-medias-dev-hn-bronze-lambda"
          },
          "sensitive_attributes": [],
          "identity_schema_version": 0,
          "private": "bnVsbA==",
          "dependencies": [
            "aws_iam_role.hn_bronze_lambda",
            "aws_s3_bucket.data_lake",
            "data.aws_caller_identity.current"
          ]
        }
      ]
    },
    {
      "mode": "managed",
      "type": "aws_iam_role_policy",
      "name": "silver_normalize_lambda",
      "provider": "provider[\"registry.terraform.io/hashicorp/aws\"]",
      "instances": [
        {
          "schema_version": 0,
          "attributes": {
            "id": "social-medias-dev-silver-normalize-lambda:social-medias-dev-silver-normalize-lambda",
            "name": "social-medias-dev-silver-normalize-lambda",
            "name_prefix": "",
            "policy": "{\"Version\":\"2012-10-17\",\"Statement\":[{\"Action\":[\"s3:GetObject\",\"s3:ListBucket\"],\"Effect\":\"Allow\",\"Resource\":[\"arn:aws:s3:::social-medias-dev-datalake-263112802384\",\"arn:aws:s3:::social-medias-dev-datalake-263112802384/bronze/*\"],\"Sid\":\"BronzeRead\"},{\"Action\":[\"s3:PutObject\",\"s3:DeleteObject\",\"s3:AbortMultipartUpload\"],\"Effect\":\"Allow\",\"Resource\":\"arn:aws:s3:::social-medias-dev-datalake-263112802384/silver/*\",\"Sid\":\"SilverWrite\"},{\"Action\":[\"logs:CreateLogGroup\",\"logs:CreateLogStream\",\"logs:PutLogEvents\"],\"Effect\":\"Allow\",\"Resource\":\"arn:aws:logs:eu-central-1:263112802384:*\",\"Sid\":\"Logs\"},{\"Action\":[\"ec2:CreateNetworkInterface\",\"ec2:DescribeNetworkInterfaces\",\"ec2:DeleteNetworkInterface\",\"ec2:AssignPrivateIpAddresses\",\"ec2:UnassignPrivateIpAddresses\"],\"Effect\":\"Allow\",\"Resource\":\"*\",\"Sid\":\"VpcNetworking\"}]}",
            "role": "social-medias-dev-silver-normalize-lambda"
          },
          "sensitive_attributes": [],
          "identity_schema_version": 0,
          "private": "bnVsbA==",
          "dependencies": [
            "aws_iam_role.silver_normalize_lambda",
            "aws_s3_bucket.data_lake",
            "data.aws_caller_identity.current"
          ]
        }
      ]
    },
    {
      "mode": "managed",
      "type": "aws_iam_role_policy_attachment",
      "name": "analytics_ec2_ssm",
      "provider": "provider[\"registry.terraform.io/hashicorp/aws\"]",
      "instances": [
        {
          "schema_version": 0,
          "attributes": {
            "id": "social-medias-dev-analytics-ec2-20260628141625891800000001",
            "policy_arn": "arn:aws:iam::aws:policy/AmazonSSMManagedInstanceCore",
            "role": "social-medias-dev-analytics-ec2"
          },
          "sensitive_attributes": [],
          "identity_schema_version": 0,
          "private": "bnVsbA==",
          "dependencies": [
            "aws_iam_role.analytics_ec2"
          ]
        }
      ]
    },
    {
      "mode": "managed",
      "type": "aws_instance",
      "name": "analytics",
      "provider": "provider[\"registry.terraform.io/hashicorp/aws\"]",
      "instances": [
        {
          "schema_version": 1,
          "attributes": {
            "ami": "ami-0364fd67e10f97ca6",
            "arn": "arn:aws:ec2:eu-central-1:263112802384:instance/i-0050ccfff752f9585",
            "associate_public_ip_address": true,
            "availability_zone": "eu-central-1a",
            "capacity_reservation_specification": [
              {
                "capacity_reservation_preference": "open",
                "capacity_reservation_target": []
              }
            ],
            "cpu_core_count": 1,
            "cpu_options": [
              {
                "amd_sev_snp": "",
                "core_count": 1,
                "threads_per_core": 2
              }
            ],
            "cpu_threads_per_core": 2,
            "credit_specification": [
              {
                "cpu_credits": "unlimited"
              }
            ],
            "disable_api_stop": false,
            "disable_api_termination": false,
            "ebs_block_device": [],
            "ebs_optimized": false,
            "enable_primary_ipv6": null,
            "enclave_options": [
              {
                "enabled": false
              }
            ],
            "ephemeral_block_device": [],
            "get_password_data": false,
            "hibernation": false,
            "host_id": "",
            "host_resource_group_arn": null,
            "iam_instance_profile": "social-medias-dev-analytics-ec2",
            "id": "i-0050ccfff752f9585",
            "instance_initiated_shutdown_behavior": "stop",
            "instance_lifecycle": "",
            "instance_market_options": [],
            "instance_state": "running",
            "instance_type": "t3.micro",
            "ipv6_address_count": 0,
            "ipv6_addresses": [],
            "key_name": "",
            "launch_template": [],
            "maintenance_options": [
              {
                "auto_recovery": "default"
              }
            ],
            "metadata_options": [
              {
                "http_endpoint": "enabled",
                "http_protocol_ipv6": "disabled",
                "http_put_response_hop_limit": 2,
                "http_tokens": "required",
                "instance_metadata_tags": "disabled"
              }
            ],
            "monitoring": false,
            "network_interface": [],
            "outpost_arn": "",
            "password_data": "",
            "placement_group": "",
            "placement_partition_number": 0,
            "primary_network_interface_id": "eni-08838810bce8861b8",
            "private_dns": "ip-10-0-0-137.eu-central-1.compute.internal",
            "private_dns_name_options": [
              {
                "enable_resource_name_dns_a_record": false,
                "enable_resource_name_dns_aaaa_record": false,
                "hostname_type": "ip-name"
              }
            ],
            "private_ip": "10.0.0.137",
            "public_dns": "ec2-3-127-52-193.eu-central-1.compute.amazonaws.com",
            "public_ip": "3.127.52.193",
            "root_block_device": [
              {
                "delete_on_termination": true,
                "device_name": "/dev/xvda",
                "encrypted": false,
                "iops": 3000,
                "kms_key_id": "",
                "tags": {},
                "tags_all": {
                  "Environment": "dev",
                  "ManagedBy": "terraform",
                  "Project": "social-medias"
                },
                "throughput": 125,
                "volume_id": "vol-0f16d80b254ca75d3",
                "volume_size": 30,
                "volume_type": "gp3"
              }
            ],
            "secondary_private_ips": [],
            "security_groups": [],
            "source_dest_check": true,
            "spot_instance_request_id": "",
            "subnet_id": "subnet-0a545fd5b38efeec5",
            "tags": {
              "Name": "social-medias-dev-analytics",
              "Role": "superset-postgres"
            },
            "tags_all": {
              "Environment": "dev",
              "ManagedBy": "terraform",
              "Name": "social-medias-dev-analytics",
              "Project": "social-medias",
              "Role": "superset-postgres"
            },
            "tenancy": "default",
            "timeouts": null,
            "user_data": "1b3d596dcfb13c9df7f1abfdc10d1823f980dfa1",
            "user_data_base64": null,
            "user_data_replace_on_change": false,
            "volume_tags": null,
            "vpc_security_group_ids": [
              "sg-0410c30cf6dfb7b1c"
            ]
          },
          "sensitive_attributes": [
            [
              {
                "type": "get_attr",
                "value": "user_data"
              }
            ]
          ],
          "identity_schema_version": 0,
          "private": "eyJlMmJmYjczMC1lY2FhLTExZTYtOGY4OC0zNDM2M2JjN2M0YzAiOnsiY3JlYXRlIjo2MDAwMDAwMDAwMDAsImRlbGV0ZSI6MTIwMDAwMDAwMDAwMCwicmVhZCI6OTAwMDAwMDAwMDAwLCJ1cGRhdGUiOjYwMDAwMDAwMDAwMH0sInNjaGVtYV92ZXJzaW9uIjoiMSJ9",
          "dependencies": [
            "aws_iam_instance_profile.analytics_ec2",
            "aws_iam_role.analytics_ec2",
            "aws_security_group.analytics_ec2",
            "aws_subnet.public",
            "aws_vpc.main",
            "data.aws_ami.amazon_linux_2023",
            "data.aws_availability_zones.available",
            "random_password.postgres",
            "random_password.superset_secret"
          ]
        }
      ]
    },
    {
      "mode": "managed",
      "type": "aws_internet_gateway",
      "name": "main",
      "provider": "provider[\"registry.terraform.io/hashicorp/aws\"]",
      "instances": [
        {
          "schema_version": 0,
          "attributes": {
            "arn": "arn:aws:ec2:eu-central-1:263112802384:internet-gateway/igw-0ad7e4d8e758bb42f",
            "id": "igw-0ad7e4d8e758bb42f",
            "owner_id": "263112802384",
            "tags": {
              "Name": "social-medias-dev-igw"
            },
            "tags_all": {
              "Environment": "dev",
              "ManagedBy": "terraform",
              "Name": "social-medias-dev-igw",
              "Project": "social-medias"
            },
            "timeouts": null,
            "vpc_id": "vpc-006d5fb675f4de0ce"
          },
          "sensitive_attributes": [],
          "identity_schema_version": 0,
          "private": "eyJlMmJmYjczMC1lY2FhLTExZTYtOGY4OC0zNDM2M2JjN2M0YzAiOnsiY3JlYXRlIjoxMjAwMDAwMDAwMDAwLCJkZWxldGUiOjEyMDAwMDAwMDAwMDAsInVwZGF0ZSI6MTIwMDAwMDAwMDAwMH19",
          "dependencies": [
            "aws_vpc.main"
          ]
        }
      ]
    },
    {
      "mode": "managed",
      "type": "aws_lambda_function",
      "name": "discord_notify",
      "provider": "provider[\"registry.terraform.io/hashicorp/aws\"]",
      "instances": [
        {
          "index_key": 0,
          "schema_version": 0,
          "attributes": {
            "architectures": [
              "x86_64"
            ],
            "arn": "arn:aws:lambda:eu-central-1:263112802384:function:social-medias-dev-discord-notify",
            "code_sha256": "I6T946/+7Lb/ljhK0iQWZtDs21YUq/XcZKG0hR3vqvU=",
            "code_signing_config_arn": "",
            "dead_letter_config": [],
            "description": "",
            "environment": [
              {
                "variables": {
                  "DISCORD_WEBHOOK_URL": "https://discord.com/api/webhooks/1520799652990161088/87wm8u3poYuLdVhhwjhuizcNuC-zUkTa8HBedb5VN-zj3IqfJ6DeNCA0QQNsVLL7EAkZ"
                }
              }
            ],
            "ephemeral_storage": [
              {
                "size": 512
              }
            ],
            "file_system_config": [],
            "filename": "./../../dist/discord_notify.zip",
            "function_name": "social-medias-dev-discord-notify",
            "handler": "handler.lambda_handler",
            "id": "social-medias-dev-discord-notify",
            "image_config": [],
            "image_uri": "",
            "invoke_arn": "arn:aws:apigateway:eu-central-1:lambda:path/2015-03-31/functions/arn:aws:lambda:eu-central-1:263112802384:function:social-medias-dev-discord-notify/invocations",
            "kms_key_arn": "",
            "last_modified": "2026-07-02T22:10:35.000+0000",
            "layers": [],
            "logging_config": [
              {
                "application_log_level": "",
                "log_format": "Text",
                "log_group": "/aws/lambda/social-medias-dev-discord-notify",
                "system_log_level": ""
              }
            ],
            "memory_size": 128,
            "package_type": "Zip",
            "publish": false,
            "qualified_arn": "arn:aws:lambda:eu-central-1:263112802384:function:social-medias-dev-discord-notify:$LATEST",
            "qualified_invoke_arn": "arn:aws:apigateway:eu-central-1:lambda:path/2015-03-31/functions/arn:aws:lambda:eu-central-1:263112802384:function:social-medias-dev-discord-notify:$LATEST/invocations",
            "replace_security_groups_on_destroy": null,
            "replacement_security_group_ids": null,
            "reserved_concurrent_executions": -1,
            "role": "arn:aws:iam::263112802384:role/social-medias-dev-discord-notify-lambda",
            "runtime": "python3.12",
            "s3_bucket": null,
            "s3_key": null,
            "s3_object_version": null,
            "signing_job_arn": "",
            "signing_profile_version_arn": "",
            "skip_destroy": false,
            "snap_start": [],
            "source_code_hash": "I6T946/+7Lb/ljhK0iQWZtDs21YUq/XcZKG0hR3vqvU=",
            "source_code_size": 1322,
            "tags": {
              "Layer": "notifications"
            },
            "tags_all": {
              "Environment": "dev",
              "Layer": "notifications",
              "ManagedBy": "terraform",
              "Project": "social-medias"
            },
            "timeout": 30,
            "timeouts": null,
            "tracing_config": [
              {
                "mode": "PassThrough"
              }
            ],
            "version": "$LATEST",
            "vpc_config": []
          },
          "sensitive_attributes": [
            [
              {
                "type": "get_attr",
                "value": "environment"
              },
              {
                "type": "index",
                "value": {
                  "value": 0,
                  "type": "number"
                }
              },
              {
                "type": "get_attr",
                "value": "variables"
              },
              {
                "type": "index",
                "value": {
                  "value": "DISCORD_WEBHOOK_URL",
                  "type": "string"
                }
              }
            ]
          ],
          "identity_schema_version": 0,
          "private": "eyJlMmJmYjczMC1lY2FhLTExZTYtOGY4OC0zNDM2M2JjN2M0YzAiOnsiY3JlYXRlIjo2MDAwMDAwMDAwMDAsImRlbGV0ZSI6NjAwMDAwMDAwMDAwLCJ1cGRhdGUiOjYwMDAwMDAwMDAwMH19",
          "dependencies": [
            "aws_cloudwatch_log_group.discord_notify_lambda",
            "aws_iam_role.discord_notify_lambda",
            "aws_iam_role_policy.discord_notify_lambda",
            "data.archive_file.discord_notify_lambda",
            "data.aws_caller_identity.current"
          ]
        }
      ]
    },
    {
      "mode": "managed",
      "type": "aws_lambda_function",
      "name": "gold_to_postgres",
      "provider": "provider[\"registry.terraform.io/hashicorp/aws\"]",
      "instances": [
        {
          "schema_version": 0,
          "attributes": {
            "architectures": [
              "x86_64"
            ],
            "arn": "arn:aws:lambda:eu-central-1:263112802384:function:social-medias-dev-gold-to-postgres",
            "code_sha256": "camP46hFCghu/uRm78G8xAKsiJx0Ab5gRa/wlPILydU=",
            "code_signing_config_arn": "",
            "dead_letter_config": [],
            "description": "",
            "environment": [
              {
                "variables": {
                  "DATA_LAKE_BUCKET": "social-medias-dev-datalake-263112802384",
                  "GOLD_PREFIX": "gold",
                  "POSTGRES_DB": "medallion",
                  "POSTGRES_HOST": "10.0.0.137",
                  "POSTGRES_PASSWORD": "JRdXj09ecc8Tct6bs8Uk6rma",
                  "POSTGRES_PORT": "5432",
                  "POSTGRES_USER": "medallion"
                }
              }
            ],
            "ephemeral_storage": [
              {
                "size": 512
              }
            ],
            "file_system_config": [],
            "filename": "./../../dist/gold_to_postgres.zip",
            "function_name": "social-medias-dev-gold-to-postgres",
            "handler": "handler.lambda_handler",
            "id": "social-medias-dev-gold-to-postgres",
            "image_config": [],
            "image_uri": "",
            "invoke_arn": "arn:aws:apigateway:eu-central-1:lambda:path/2015-03-31/functions/arn:aws:lambda:eu-central-1:263112802384:function:social-medias-dev-gold-to-postgres/invocations",
            "kms_key_arn": "",
            "last_modified": "2026-07-02T23:13:28.000+0000",
            "layers": [
              "arn:aws:lambda:eu-central-1:336392948345:layer:AWSSDKPandas-Python312:27"
            ],
            "logging_config": [
              {
                "application_log_level": "",
                "log_format": "Text",
                "log_group": "/aws/lambda/social-medias-dev-gold-to-postgres",
                "system_log_level": ""
              }
            ],
            "memory_size": 1024,
            "package_type": "Zip",
            "publish": false,
            "qualified_arn": "arn:aws:lambda:eu-central-1:263112802384:function:social-medias-dev-gold-to-postgres:$LATEST",
            "qualified_invoke_arn": "arn:aws:apigateway:eu-central-1:lambda:path/2015-03-31/functions/arn:aws:lambda:eu-central-1:263112802384:function:social-medias-dev-gold-to-postgres:$LATEST/invocations",
            "replace_security_groups_on_destroy": null,
            "replacement_security_group_ids": null,
            "reserved_concurrent_executions": -1,
            "role": "arn:aws:iam::263112802384:role/social-medias-dev-gold-to-postgres-lambda",
            "runtime": "python3.12",
            "s3_bucket": null,
            "s3_key": null,
            "s3_object_version": null,
            "signing_job_arn": "",
            "signing_profile_version_arn": "",
            "skip_destroy": false,
            "snap_start": [],
            "source_code_hash": "camP46hFCghu/uRm78G8xAKsiJx0Ab5gRa/wlPILydU=",
            "source_code_size": 2502,
            "tags": {
              "Layer": "visualization"
            },
            "tags_all": {
              "Environment": "dev",
              "Layer": "visualization",
              "ManagedBy": "terraform",
              "Project": "social-medias"
            },
            "timeout": 300,
            "timeouts": null,
            "tracing_config": [
              {
                "mode": "PassThrough"
              }
            ],
            "version": "$LATEST",
            "vpc_config": [
              {
                "ipv6_allowed_for_dual_stack": false,
                "security_group_ids": [
                  "sg-01f15109ec6cf8346"
                ],
                "subnet_ids": [
                  "subnet-036870397c3848ee1",
                  "subnet-042097ef0089ca4b9"
                ],
                "vpc_id": "vpc-006d5fb675f4de0ce"
              }
            ]
          },
          "sensitive_attributes": [
            [
              {
                "type": "get_attr",
                "value": "environment"
              },
              {
                "type": "index",
                "value": {
                  "value": 0,
                  "type": "number"
                }
              },
              {
                "type": "get_attr",
                "value": "variables"
              },
              {
                "type": "index",
                "value": {
                  "value": "POSTGRES_PASSWORD",
                  "type": "string"
                }
              }
            ]
          ],
          "identity_schema_version": 0,
          "private": "eyJlMmJmYjczMC1lY2FhLTExZTYtOGY4OC0zNDM2M2JjN2M0YzAiOnsiY3JlYXRlIjo2MDAwMDAwMDAwMDAsImRlbGV0ZSI6NjAwMDAwMDAwMDAwLCJ1cGRhdGUiOjYwMDAwMDAwMDAwMH19",
          "dependencies": [
            "aws_cloudwatch_log_group.gold_to_postgres_lambda",
            "aws_eip.nat",
            "aws_iam_instance_profile.analytics_ec2",
            "aws_iam_role.analytics_ec2",
            "aws_iam_role.gold_to_postgres_lambda",
            "aws_iam_role_policy.gold_to_postgres_lambda",
            "aws_instance.analytics",
            "aws_internet_gateway.main",
            "aws_nat_gateway.main",
            "aws_s3_bucket.data_lake",
            "aws_security_group.analytics_ec2",
            "aws_security_group.gold_load_lambda",
            "aws_subnet.private",
            "aws_subnet.public",
            "aws_vpc.main",
            "data.archive_file.gold_to_postgres_lambda",
            "data.aws_ami.amazon_linux_2023",
            "data.aws_availability_zones.available",
            "data.aws_caller_identity.current",
            "random_password.postgres",
            "random_password.superset_secret"
          ]
        }
      ]
    },
    {
      "mode": "managed",
      "type": "aws_lambda_function",
      "name": "gold_transform",
      "provider": "provider[\"registry.terraform.io/hashicorp/aws\"]",
      "instances": [
        {
          "schema_version": 0,
          "attributes": {
            "architectures": [
              "x86_64"
            ],
            "arn": "arn:aws:lambda:eu-central-1:263112802384:function:social-medias-dev-gold-transform",
            "code_sha256": "nJmS1ZJtV+W48o0SR93mcjyn/P3GPbOVkekQGd0xrpQ=",
            "code_signing_config_arn": "",
            "dead_letter_config": [],
            "description": "",
            "environment": [
              {
                "variables": {
                  "DATA_LAKE_BUCKET": "social-medias-dev-datalake-263112802384",
                  "GOLD_PREFIX": "gold",
                  "SILVER_PREFIX": "silver"
                }
              }
            ],
            "ephemeral_storage": [
              {
                "size": 512
              }
            ],
            "file_system_config": [],
            "filename": "./../../dist/gold_transform.zip",
            "function_name": "social-medias-dev-gold-transform",
            "handler": "handler.lambda_handler",
            "id": "social-medias-dev-gold-transform",
            "image_config": [],
            "image_uri": "",
            "invoke_arn": "arn:aws:apigateway:eu-central-1:lambda:path/2015-03-31/functions/arn:aws:lambda:eu-central-1:263112802384:function:social-medias-dev-gold-transform/invocations",
            "kms_key_arn": "",
            "last_modified": "2026-07-02T23:05:45.000+0000",
            "layers": [
              "arn:aws:lambda:eu-central-1:336392948345:layer:AWSSDKPandas-Python312:27"
            ],
            "logging_config": [
              {
                "application_log_level": "",
                "log_format": "Text",
                "log_group": "/aws/lambda/social-medias-dev-gold-transform",
                "system_log_level": ""
              }
            ],
            "memory_size": 3008,
            "package_type": "Zip",
            "publish": false,
            "qualified_arn": "arn:aws:lambda:eu-central-1:263112802384:function:social-medias-dev-gold-transform:$LATEST",
            "qualified_invoke_arn": "arn:aws:apigateway:eu-central-1:lambda:path/2015-03-31/functions/arn:aws:lambda:eu-central-1:263112802384:function:social-medias-dev-gold-transform:$LATEST/invocations",
            "replace_security_groups_on_destroy": null,
            "replacement_security_group_ids": null,
            "reserved_concurrent_executions": -1,
            "role": "arn:aws:iam::263112802384:role/social-medias-dev-gold-transform-lambda",
            "runtime": "python3.12",
            "s3_bucket": null,
            "s3_key": null,
            "s3_object_version": null,
            "signing_job_arn": "",
            "signing_profile_version_arn": "",
            "skip_destroy": false,
            "snap_start": [],
            "source_code_hash": "nJmS1ZJtV+W48o0SR93mcjyn/P3GPbOVkekQGd0xrpQ=",
            "source_code_size": 6227,
            "tags": {
              "Layer": "gold"
            },
            "tags_all": {
              "Environment": "dev",
              "Layer": "gold",
              "ManagedBy": "terraform",
              "Project": "social-medias"
            },
            "timeout": 900,
            "timeouts": null,
            "tracing_config": [
              {
                "mode": "PassThrough"
              }
            ],
            "version": "$LATEST",
            "vpc_config": [
              {
                "ipv6_allowed_for_dual_stack": false,
                "security_group_ids": [
                  "sg-06c91e4f24f70fafe"
                ],
                "subnet_ids": [
                  "subnet-036870397c3848ee1",
                  "subnet-042097ef0089ca4b9"
                ],
                "vpc_id": "vpc-006d5fb675f4de0ce"
              }
            ]
          },
          "sensitive_attributes": [],
          "identity_schema_version": 0,
          "private": "eyJlMmJmYjczMC1lY2FhLTExZTYtOGY4OC0zNDM2M2JjN2M0YzAiOnsiY3JlYXRlIjo2MDAwMDAwMDAwMDAsImRlbGV0ZSI6NjAwMDAwMDAwMDAwLCJ1cGRhdGUiOjYwMDAwMDAwMDAwMH19",
          "dependencies": [
            "aws_cloudwatch_log_group.gold_transform_lambda",
            "aws_eip.nat",
            "aws_iam_role.gold_transform_lambda",
            "aws_iam_role_policy.gold_transform_lambda",
            "aws_internet_gateway.main",
            "aws_nat_gateway.main",
            "aws_s3_bucket.data_lake",
            "aws_security_group.lambda_hn",
            "aws_subnet.private",
            "aws_subnet.public",
            "aws_vpc.main",
            "data.archive_file.gold_transform_lambda",
            "data.aws_availability_zones.available",
            "data.aws_caller_identity.current"
          ]
        }
      ]
    },
    {
      "mode": "managed",
      "type": "aws_lambda_function",
      "name": "hn_bronze_ingest",
      "provider": "provider[\"registry.terraform.io/hashicorp/aws\"]",
      "instances": [
        {
          "schema_version": 0,
          "attributes": {
            "architectures": [
              "x86_64"
            ],
            "arn": "arn:aws:lambda:eu-central-1:263112802384:function:social-medias-dev-hn-bronze-ingest",
            "code_sha256": "NBl+e39tAJpXb0/B7XynQmy75ZIvnMlHlLsp0K4Dulg=",
            "code_signing_config_arn": "",
            "dead_letter_config": [],
            "description": "",
            "environment": [
              {
                "variables": {
                  "BRONZE_PREFIX": "bronze",
                  "DATA_LAKE_BUCKET": "social-medias-dev-datalake-263112802384"
                }
              }
            ],
            "ephemeral_storage": [
              {
                "size": 512
              }
            ],
            "file_system_config": [],
            "filename": "./../../dist/hn_bronze_ingest.zip",
            "function_name": "social-medias-dev-hn-bronze-ingest",
            "handler": "handler.lambda_handler",
            "id": "social-medias-dev-hn-bronze-ingest",
            "image_config": [],
            "image_uri": "",
            "invoke_arn": "arn:aws:apigateway:eu-central-1:lambda:path/2015-03-31/functions/arn:aws:lambda:eu-central-1:263112802384:function:social-medias-dev-hn-bronze-ingest/invocations",
            "kms_key_arn": "",
            "last_modified": "2026-06-28T13:35:58.000+0000",
            "layers": [],
            "logging_config": [
              {
                "application_log_level": "",
                "log_format": "Text",
                "log_group": "/aws/lambda/social-medias-dev-hn-bronze-ingest",
                "system_log_level": ""
              }
            ],
            "memory_size": 512,
            "package_type": "Zip",
            "publish": false,
            "qualified_arn": "arn:aws:lambda:eu-central-1:263112802384:function:social-medias-dev-hn-bronze-ingest:$LATEST",
            "qualified_invoke_arn": "arn:aws:apigateway:eu-central-1:lambda:path/2015-03-31/functions/arn:aws:lambda:eu-central-1:263112802384:function:social-medias-dev-hn-bronze-ingest:$LATEST/invocations",
            "replace_security_groups_on_destroy": null,
            "replacement_security_group_ids": null,
            "reserved_concurrent_executions": -1,
            "role": "arn:aws:iam::263112802384:role/social-medias-dev-hn-bronze-lambda",
            "runtime": "python3.12",
            "s3_bucket": null,
            "s3_key": null,
            "s3_object_version": null,
            "signing_job_arn": "",
            "signing_profile_version_arn": "",
            "skip_destroy": false,
            "snap_start": [],
            "source_code_hash": "NBl+e39tAJpXb0/B7XynQmy75ZIvnMlHlLsp0K4Dulg=",
            "source_code_size": 2293,
            "tags": {
              "Layer": "bronze"
            },
            "tags_all": {
              "Environment": "dev",
              "Layer": "bronze",
              "ManagedBy": "terraform",
              "Project": "social-medias"
            },
            "timeout": 900,
            "timeouts": null,
            "tracing_config": [
              {
                "mode": "PassThrough"
              }
            ],
            "version": "$LATEST",
            "vpc_config": [
              {
                "ipv6_allowed_for_dual_stack": false,
                "security_group_ids": [
                  "sg-06c91e4f24f70fafe"
                ],
                "subnet_ids": [
                  "subnet-036870397c3848ee1",
                  "subnet-042097ef0089ca4b9"
                ],
                "vpc_id": "vpc-006d5fb675f4de0ce"
              }
            ]
          },
          "sensitive_attributes": [],
          "identity_schema_version": 0,
          "private": "eyJlMmJmYjczMC1lY2FhLTExZTYtOGY4OC0zNDM2M2JjN2M0YzAiOnsiY3JlYXRlIjo2MDAwMDAwMDAwMDAsImRlbGV0ZSI6NjAwMDAwMDAwMDAwLCJ1cGRhdGUiOjYwMDAwMDAwMDAwMH19",
          "dependencies": [
            "aws_cloudwatch_log_group.hn_bronze_lambda",
            "aws_eip.nat",
            "aws_iam_role.hn_bronze_lambda",
            "aws_iam_role_policy.hn_bronze_lambda",
            "aws_internet_gateway.main",
            "aws_nat_gateway.main",
            "aws_s3_bucket.data_lake",
            "aws_security_group.lambda_hn",
            "aws_subnet.private",
            "aws_subnet.public",
            "aws_vpc.main",
            "data.archive_file.hn_bronze_lambda",
            "data.aws_availability_zones.available",
            "data.aws_caller_identity.current"
          ]
        }
      ]
    },
    {
      "mode": "managed",
      "type": "aws_lambda_function",
      "name": "silver_normalize",
      "provider": "provider[\"registry.terraform.io/hashicorp/aws\"]",
      "instances": [
        {
          "schema_version": 0,
          "attributes": {
            "architectures": [
              "x86_64"
            ],
            "arn": "arn:aws:lambda:eu-central-1:263112802384:function:social-medias-dev-silver-normalize",
            "code_sha256": "svaSu2Xim15e/k7q+Lv91Fx50ubtTMiJJdBK6QlJs2M=",
            "code_signing_config_arn": "",
            "dead_letter_config": [],
            "description": "",
            "environment": [
              {
                "variables": {
                  "BRONZE_PREFIX": "bronze",
                  "DATA_LAKE_BUCKET": "social-medias-dev-datalake-263112802384",
                  "PROCESS_X": "true",
                  "SILVER_PREFIX": "silver"
                }
              }
            ],
            "ephemeral_storage": [
              {
                "size": 512
              }
            ],
            "file_system_config": [],
            "filename": "./../../dist/silver_normalize.zip",
            "function_name": "social-medias-dev-silver-normalize",
            "handler": "handler.lambda_handler",
            "id": "social-medias-dev-silver-normalize",
            "image_config": [],
            "image_uri": "",
            "invoke_arn": "arn:aws:apigateway:eu-central-1:lambda:path/2015-03-31/functions/arn:aws:lambda:eu-central-1:263112802384:function:social-medias-dev-silver-normalize/invocations",
            "kms_key_arn": "",
            "last_modified": "2026-07-02T22:10:41.000+0000",
            "layers": [
              "arn:aws:lambda:eu-central-1:336392948345:layer:AWSSDKPandas-Python312:27"
            ],
            "logging_config": [
              {
                "application_log_level": "",
                "log_format": "Text",
                "log_group": "/aws/lambda/social-medias-dev-silver-normalize",
                "system_log_level": ""
              }
            ],
            "memory_size": 3008,
            "package_type": "Zip",
            "publish": false,
            "qualified_arn": "arn:aws:lambda:eu-central-1:263112802384:function:social-medias-dev-silver-normalize:$LATEST",
            "qualified_invoke_arn": "arn:aws:apigateway:eu-central-1:lambda:path/2015-03-31/functions/arn:aws:lambda:eu-central-1:263112802384:function:social-medias-dev-silver-normalize:$LATEST/invocations",
            "replace_security_groups_on_destroy": null,
            "replacement_security_group_ids": null,
            "reserved_concurrent_executions": -1,
            "role": "arn:aws:iam::263112802384:role/social-medias-dev-silver-normalize-lambda",
            "runtime": "python3.12",
            "s3_bucket": null,
            "s3_key": null,
            "s3_object_version": null,
            "signing_job_arn": "",
            "signing_profile_version_arn": "",
            "skip_destroy": false,
            "snap_start": [],
            "source_code_hash": "svaSu2Xim15e/k7q+Lv91Fx50ubtTMiJJdBK6QlJs2M=",
            "source_code_size": 7210,
            "tags": {
              "Layer": "silver"
            },
            "tags_all": {
              "Environment": "dev",
              "Layer": "silver",
              "ManagedBy": "terraform",
              "Project": "social-medias"
            },
            "timeout": 900,
            "timeouts": null,
            "tracing_config": [
              {
                "mode": "PassThrough"
              }
            ],
            "version": "$LATEST",
            "vpc_config": [
              {
                "ipv6_allowed_for_dual_stack": false,
                "security_group_ids": [
                  "sg-06c91e4f24f70fafe"
                ],
                "subnet_ids": [
                  "subnet-036870397c3848ee1",
                  "subnet-042097ef0089ca4b9"
                ],
                "vpc_id": "vpc-006d5fb675f4de0ce"
              }
            ]
          },
          "sensitive_attributes": [],
          "identity_schema_version": 0,
          "private": "eyJlMmJmYjczMC1lY2FhLTExZTYtOGY4OC0zNDM2M2JjN2M0YzAiOnsiY3JlYXRlIjo2MDAwMDAwMDAwMDAsImRlbGV0ZSI6NjAwMDAwMDAwMDAwLCJ1cGRhdGUiOjYwMDAwMDAwMDAwMH19",
          "dependencies": [
            "aws_cloudwatch_log_group.silver_normalize_lambda",
            "aws_eip.nat",
            "aws_iam_role.silver_normalize_lambda",
            "aws_iam_role_policy.silver_normalize_lambda",
            "aws_internet_gateway.main",
            "aws_nat_gateway.main",
            "aws_s3_bucket.data_lake",
            "aws_security_group.lambda_hn",
            "aws_subnet.private",
            "aws_subnet.public",
            "aws_vpc.main",
            "data.archive_file.silver_normalize_lambda",
            "data.aws_availability_zones.available",
            "data.aws_caller_identity.current"
          ]
        }
      ]
    },
    {
      "mode": "managed",
      "type": "aws_lambda_permission",
      "name": "eventbridge_gold_to_postgres",
      "provider": "provider[\"registry.terraform.io/hashicorp/aws\"]",
      "instances": [
        {
          "schema_version": 0,
          "attributes": {
            "action": "lambda:InvokeFunction",
            "event_source_token": null,
            "function_name": "social-medias-dev-gold-to-postgres",
            "function_url_auth_type": null,
            "id": "AllowEventBridgeInvokeGoldLoad",
            "principal": "events.amazonaws.com",
            "principal_org_id": null,
            "qualifier": "",
            "source_account": null,
            "source_arn": "arn:aws:events:eu-central-1:263112802384:rule/social-medias-dev-gold-to-postgres-daily",
            "statement_id": "AllowEventBridgeInvokeGoldLoad",
            "statement_id_prefix": ""
          },
          "sensitive_attributes": [],
          "identity_schema_version": 0,
          "private": "bnVsbA==",
          "dependencies": [
            "aws_cloudwatch_event_rule.gold_to_postgres_schedule",
            "aws_cloudwatch_log_group.gold_to_postgres_lambda",
            "aws_eip.nat",
            "aws_iam_instance_profile.analytics_ec2",
            "aws_iam_role.analytics_ec2",
            "aws_iam_role.gold_to_postgres_lambda",
            "aws_iam_role_policy.gold_to_postgres_lambda",
            "aws_instance.analytics",
            "aws_internet_gateway.main",
            "aws_lambda_function.gold_to_postgres",
            "aws_nat_gateway.main",
            "aws_s3_bucket.data_lake",
            "aws_security_group.analytics_ec2",
            "aws_security_group.gold_load_lambda",
            "aws_subnet.private",
            "aws_subnet.public",
            "aws_vpc.main",
            "data.archive_file.gold_to_postgres_lambda",
            "data.aws_ami.amazon_linux_2023",
            "data.aws_availability_zones.available",
            "data.aws_caller_identity.current",
            "random_password.postgres",
            "random_password.superset_secret"
          ]
        }
      ]
    },
    {
      "mode": "managed",
      "type": "aws_lambda_permission",
      "name": "eventbridge_gold_transform",
      "provider": "provider[\"registry.terraform.io/hashicorp/aws\"]",
      "instances": [
        {
          "schema_version": 0,
          "attributes": {
            "action": "lambda:InvokeFunction",
            "event_source_token": null,
            "function_name": "social-medias-dev-gold-transform",
            "function_url_auth_type": null,
            "id": "AllowEventBridgeInvokeGold",
            "principal": "events.amazonaws.com",
            "principal_org_id": null,
            "qualifier": "",
            "source_account": null,
            "source_arn": "arn:aws:events:eu-central-1:263112802384:rule/social-medias-dev-gold-transform-daily",
            "statement_id": "AllowEventBridgeInvokeGold",
            "statement_id_prefix": ""
          },
          "sensitive_attributes": [],
          "identity_schema_version": 0,
          "private": "bnVsbA==",
          "dependencies": [
            "aws_cloudwatch_event_rule.gold_transform_schedule",
            "aws_cloudwatch_log_group.gold_transform_lambda",
            "aws_eip.nat",
            "aws_iam_role.gold_transform_lambda",
            "aws_iam_role_policy.gold_transform_lambda",
            "aws_internet_gateway.main",
            "aws_lambda_function.gold_transform",
            "aws_nat_gateway.main",
            "aws_s3_bucket.data_lake",
            "aws_security_group.lambda_hn",
            "aws_subnet.private",
            "aws_subnet.public",
            "aws_vpc.main",
            "data.archive_file.gold_transform_lambda",
            "data.aws_availability_zones.available",
            "data.aws_caller_identity.current"
          ]
        }
      ]
    },
    {
      "mode": "managed",
      "type": "aws_lambda_permission",
      "name": "eventbridge_hn_bronze",
      "provider": "provider[\"registry.terraform.io/hashicorp/aws\"]",
      "instances": [
        {
          "schema_version": 0,
          "attributes": {
            "action": "lambda:InvokeFunction",
            "event_source_token": null,
            "function_name": "social-medias-dev-hn-bronze-ingest",
            "function_url_auth_type": null,
            "id": "AllowEventBridgeInvoke",
            "principal": "events.amazonaws.com",
            "principal_org_id": null,
            "qualifier": "",
            "source_account": null,
            "source_arn": "arn:aws:events:eu-central-1:263112802384:rule/social-medias-dev-hn-bronze-daily",
            "statement_id": "AllowEventBridgeInvoke",
            "statement_id_prefix": ""
          },
          "sensitive_attributes": [],
          "identity_schema_version": 0,
          "private": "eyJzY2hlbWFfdmVyc2lvbiI6IjAifQ==",
          "dependencies": [
            "aws_cloudwatch_event_rule.hn_bronze_schedule",
            "aws_cloudwatch_log_group.hn_bronze_lambda",
            "aws_eip.nat",
            "aws_iam_role.hn_bronze_lambda",
            "aws_iam_role_policy.hn_bronze_lambda",
            "aws_internet_gateway.main",
            "aws_lambda_function.hn_bronze_ingest",
            "aws_nat_gateway.main",
            "aws_s3_bucket.data_lake",
            "aws_security_group.lambda_hn",
            "aws_subnet.private",
            "aws_subnet.public",
            "aws_vpc.main",
            "data.archive_file.hn_bronze_lambda",
            "data.aws_availability_zones.available",
            "data.aws_caller_identity.current"
          ]
        }
      ]
    },
    {
      "mode": "managed",
      "type": "aws_lambda_permission",
      "name": "eventbridge_silver_normalize",
      "provider": "provider[\"registry.terraform.io/hashicorp/aws\"]",
      "instances": [
        {
          "schema_version": 0,
          "attributes": {
            "action": "lambda:InvokeFunction",
            "event_source_token": null,
            "function_name": "social-medias-dev-silver-normalize",
            "function_url_auth_type": null,
            "id": "AllowEventBridgeInvokeSilver",
            "principal": "events.amazonaws.com",
            "principal_org_id": null,
            "qualifier": "",
            "source_account": null,
            "source_arn": "arn:aws:events:eu-central-1:263112802384:rule/social-medias-dev-silver-normalize-daily",
            "statement_id": "AllowEventBridgeInvokeSilver",
            "statement_id_prefix": ""
          },
          "sensitive_attributes": [],
          "identity_schema_version": 0,
          "private": "bnVsbA==",
          "dependencies": [
            "aws_cloudwatch_event_rule.silver_normalize_schedule",
            "aws_cloudwatch_log_group.silver_normalize_lambda",
            "aws_eip.nat",
            "aws_iam_role.silver_normalize_lambda",
            "aws_iam_role_policy.silver_normalize_lambda",
            "aws_internet_gateway.main",
            "aws_lambda_function.silver_normalize",
            "aws_nat_gateway.main",
            "aws_s3_bucket.data_lake",
            "aws_security_group.lambda_hn",
            "aws_subnet.private",
            "aws_subnet.public",
            "aws_vpc.main",
            "data.archive_file.silver_normalize_lambda",
            "data.aws_availability_zones.available",
            "data.aws_caller_identity.current"
          ]
        }
      ]
    },
    {
      "mode": "managed",
      "type": "aws_lambda_permission",
      "name": "sns_discord_notify",
      "provider": "provider[\"registry.terraform.io/hashicorp/aws\"]",
      "instances": [
        {
          "index_key": 0,
          "schema_version": 0,
          "attributes": {
            "action": "lambda:InvokeFunction",
            "event_source_token": null,
            "function_name": "social-medias-dev-discord-notify",
            "function_url_auth_type": null,
            "id": "AllowSNSInvokeDiscordNotify",
            "principal": "sns.amazonaws.com",
            "principal_org_id": null,
            "qualifier": "",
            "source_account": null,
            "source_arn": "arn:aws:sns:eu-central-1:263112802384:social-medias-dev-pipeline-alerts",
            "statement_id": "AllowSNSInvokeDiscordNotify",
            "statement_id_prefix": ""
          },
          "sensitive_attributes": [],
          "identity_schema_version": 0,
          "private": "bnVsbA==",
          "dependencies": [
            "aws_cloudwatch_log_group.discord_notify_lambda",
            "aws_iam_role.discord_notify_lambda",
            "aws_iam_role_policy.discord_notify_lambda",
            "aws_lambda_function.discord_notify",
            "aws_sns_topic.pipeline_alerts",
            "data.archive_file.discord_notify_lambda",
            "data.aws_caller_identity.current"
          ]
        }
      ]
    },
    {
      "mode": "managed",
      "type": "aws_nat_gateway",
      "name": "main",
      "provider": "provider[\"registry.terraform.io/hashicorp/aws\"]",
      "instances": [
        {
          "schema_version": 0,
          "attributes": {
            "allocation_id": "eipalloc-020eef2d7db59c7e6",
            "association_id": "eipassoc-0fb490ce996f9a9e4",
            "connectivity_type": "public",
            "id": "nat-0fa50cd83fc6853d6",
            "network_interface_id": "eni-0922cab10a0f25232",
            "private_ip": "10.0.0.252",
            "public_ip": "18.193.170.76",
            "secondary_allocation_ids": [],
            "secondary_private_ip_address_count": 0,
            "secondary_private_ip_addresses": [],
            "subnet_id": "subnet-0a545fd5b38efeec5",
            "tags": {
              "Name": "social-medias-dev-nat"
            },
            "tags_all": {
              "Environment": "dev",
              "ManagedBy": "terraform",
              "Name": "social-medias-dev-nat",
              "Project": "social-medias"
            },
            "timeouts": null
          },
          "sensitive_attributes": [],
          "identity_schema_version": 0,
          "private": "eyJlMmJmYjczMC1lY2FhLTExZTYtOGY4OC0zNDM2M2JjN2M0YzAiOnsiY3JlYXRlIjo2MDAwMDAwMDAwMDAsImRlbGV0ZSI6MTgwMDAwMDAwMDAwMCwidXBkYXRlIjo2MDAwMDAwMDAwMDB9fQ==",
          "dependencies": [
            "aws_eip.nat",
            "aws_internet_gateway.main",
            "aws_subnet.public",
            "aws_vpc.main",
            "data.aws_availability_zones.available"
          ]
        }
      ]
    },
    {
      "mode": "managed",
      "type": "aws_route_table",
      "name": "private",
      "provider": "provider[\"registry.terraform.io/hashicorp/aws\"]",
      "instances": [
        {
          "schema_version": 0,
          "attributes": {
            "arn": "arn:aws:ec2:eu-central-1:263112802384:route-table/rtb-08ae75c622741a1d3",
            "id": "rtb-08ae75c622741a1d3",
            "owner_id": "263112802384",
            "propagating_vgws": [],
            "route": [
              {
                "carrier_gateway_id": "",
                "cidr_block": "0.0.0.0/0",
                "core_network_arn": "",
                "destination_prefix_list_id": "",
                "egress_only_gateway_id": "",
                "gateway_id": "",
                "ipv6_cidr_block": "",
                "local_gateway_id": "",
                "nat_gateway_id": "nat-0fa50cd83fc6853d6",
                "network_interface_id": "",
                "transit_gateway_id": "",
                "vpc_endpoint_id": "",
                "vpc_peering_connection_id": ""
              }
            ],
            "tags": {
              "Name": "social-medias-dev-private-rt"
            },
            "tags_all": {
              "Environment": "dev",
              "ManagedBy": "terraform",
              "Name": "social-medias-dev-private-rt",
              "Project": "social-medias"
            },
            "timeouts": null,
            "vpc_id": "vpc-006d5fb675f4de0ce"
          },
          "sensitive_attributes": [],
          "identity_schema_version": 0,
          "private": "eyJlMmJmYjczMC1lY2FhLTExZTYtOGY4OC0zNDM2M2JjN2M0YzAiOnsiY3JlYXRlIjozMDAwMDAwMDAwMDAsImRlbGV0ZSI6MzAwMDAwMDAwMDAwLCJ1cGRhdGUiOjEyMDAwMDAwMDAwMH19",
          "dependencies": [
            "aws_eip.nat",
            "aws_internet_gateway.main",
            "aws_nat_gateway.main",
            "aws_subnet.public",
            "aws_vpc.main",
            "data.aws_availability_zones.available"
          ]
        }
      ]
    },
    {
      "mode": "managed",
      "type": "aws_route_table",
      "name": "public",
      "provider": "provider[\"registry.terraform.io/hashicorp/aws\"]",
      "instances": [
        {
          "schema_version": 0,
          "attributes": {
            "arn": "arn:aws:ec2:eu-central-1:263112802384:route-table/rtb-06124204f29134d6c",
            "id": "rtb-06124204f29134d6c",
            "owner_id": "263112802384",
            "propagating_vgws": [],
            "route": [
              {
                "carrier_gateway_id": "",
                "cidr_block": "0.0.0.0/0",
                "core_network_arn": "",
                "destination_prefix_list_id": "",
                "egress_only_gateway_id": "",
                "gateway_id": "igw-0ad7e4d8e758bb42f",
                "ipv6_cidr_block": "",
                "local_gateway_id": "",
                "nat_gateway_id": "",
                "network_interface_id": "",
                "transit_gateway_id": "",
                "vpc_endpoint_id": "",
                "vpc_peering_connection_id": ""
              }
            ],
            "tags": {
              "Name": "social-medias-dev-public-rt"
            },
            "tags_all": {
              "Environment": "dev",
              "ManagedBy": "terraform",
              "Name": "social-medias-dev-public-rt",
              "Project": "social-medias"
            },
            "timeouts": null,
            "vpc_id": "vpc-006d5fb675f4de0ce"
          },
          "sensitive_attributes": [],
          "identity_schema_version": 0,
          "private": "eyJlMmJmYjczMC1lY2FhLTExZTYtOGY4OC0zNDM2M2JjN2M0YzAiOnsiY3JlYXRlIjozMDAwMDAwMDAwMDAsImRlbGV0ZSI6MzAwMDAwMDAwMDAwLCJ1cGRhdGUiOjEyMDAwMDAwMDAwMH19",
          "dependencies": [
            "aws_internet_gateway.main",
            "aws_vpc.main"
          ]
        }
      ]
    },
    {
      "mode": "managed",
      "type": "aws_route_table_association",
      "name": "private",
      "provider": "provider[\"registry.terraform.io/hashicorp/aws\"]",
      "instances": [
        {
          "index_key": 0,
          "schema_version": 0,
          "attributes": {
            "gateway_id": "",
            "id": "rtbassoc-00cedb3c0acbc43df",
            "route_table_id": "rtb-08ae75c622741a1d3",
            "subnet_id": "subnet-036870397c3848ee1",
            "timeouts": null
          },
          "sensitive_attributes": [],
          "identity_schema_version": 0,
          "private": "eyJlMmJmYjczMC1lY2FhLTExZTYtOGY4OC0zNDM2M2JjN2M0YzAiOnsiY3JlYXRlIjozMDAwMDAwMDAwMDAsImRlbGV0ZSI6MzAwMDAwMDAwMDAwLCJ1cGRhdGUiOjEyMDAwMDAwMDAwMH19",
          "dependencies": [
            "aws_eip.nat",
            "aws_internet_gateway.main",
            "aws_nat_gateway.main",
            "aws_route_table.private",
            "aws_subnet.private",
            "aws_subnet.public",
            "aws_vpc.main",
            "data.aws_availability_zones.available"
          ]
        },
        {
          "index_key": 1,
          "schema_version": 0,
          "attributes": {
            "gateway_id": "",
            "id": "rtbassoc-0328645e837caf786",
            "route_table_id": "rtb-08ae75c622741a1d3",
            "subnet_id": "subnet-042097ef0089ca4b9",
            "timeouts": null
          },
          "sensitive_attributes": [],
          "identity_schema_version": 0,
          "private": "eyJlMmJmYjczMC1lY2FhLTExZTYtOGY4OC0zNDM2M2JjN2M0YzAiOnsiY3JlYXRlIjozMDAwMDAwMDAwMDAsImRlbGV0ZSI6MzAwMDAwMDAwMDAwLCJ1cGRhdGUiOjEyMDAwMDAwMDAwMH19",
          "dependencies": [
            "aws_eip.nat",
            "aws_internet_gateway.main",
            "aws_nat_gateway.main",
            "aws_route_table.private",
            "aws_subnet.private",
            "aws_subnet.public",
            "aws_vpc.main",
            "data.aws_availability_zones.available"
          ]
        }
      ]
    },
    {
      "mode": "managed",
      "type": "aws_route_table_association",
      "name": "public",
      "provider": "provider[\"registry.terraform.io/hashicorp/aws\"]",
      "instances": [
        {
          "index_key": 0,
          "schema_version": 0,
          "attributes": {
            "gateway_id": "",
            "id": "rtbassoc-0a05a1d71adef176b",
            "route_table_id": "rtb-06124204f29134d6c",
            "subnet_id": "subnet-0a545fd5b38efeec5",
            "timeouts": null
          },
          "sensitive_attributes": [],
          "identity_schema_version": 0,
          "private": "eyJlMmJmYjczMC1lY2FhLTExZTYtOGY4OC0zNDM2M2JjN2M0YzAiOnsiY3JlYXRlIjozMDAwMDAwMDAwMDAsImRlbGV0ZSI6MzAwMDAwMDAwMDAwLCJ1cGRhdGUiOjEyMDAwMDAwMDAwMH19",
          "dependencies": [
            "aws_internet_gateway.main",
            "aws_route_table.public",
            "aws_subnet.public",
            "aws_vpc.main",
            "data.aws_availability_zones.available"
          ]
        },
        {
          "index_key": 1,
          "schema_version": 0,
          "attributes": {
            "gateway_id": "",
            "id": "rtbassoc-03836dd48dd2417b5",
            "route_table_id": "rtb-06124204f29134d6c",
            "subnet_id": "subnet-0d33ea0a786f5aa14",
            "timeouts": null
          },
          "sensitive_attributes": [],
          "identity_schema_version": 0,
          "private": "eyJlMmJmYjczMC1lY2FhLTExZTYtOGY4OC0zNDM2M2JjN2M0YzAiOnsiY3JlYXRlIjozMDAwMDAwMDAwMDAsImRlbGV0ZSI6MzAwMDAwMDAwMDAwLCJ1cGRhdGUiOjEyMDAwMDAwMDAwMH19",
          "dependencies": [
            "aws_internet_gateway.main",
            "aws_route_table.public",
            "aws_subnet.public",
            "aws_vpc.main",
            "data.aws_availability_zones.available"
          ]
        }
      ]
    },
    {
      "mode": "managed",
      "type": "aws_s3_bucket",
      "name": "data_lake",
      "provider": "provider[\"registry.terraform.io/hashicorp/aws\"]",
      "instances": [
        {
          "schema_version": 0,
          "attributes": {
            "acceleration_status": "",
            "acl": null,
            "arn": "arn:aws:s3:::social-medias-dev-datalake-263112802384",
            "bucket": "social-medias-dev-datalake-263112802384",
            "bucket_domain_name": "social-medias-dev-datalake-263112802384.s3.amazonaws.com",
            "bucket_prefix": "",
            "bucket_regional_domain_name": "social-medias-dev-datalake-263112802384.s3.eu-central-1.amazonaws.com",
            "cors_rule": [],
            "force_destroy": null,
            "grant": [
              {
                "id": "f3ce3710f646469d95efaca4326923d600e398f2e656585b4a5b8442f7dabf15",
                "permissions": [
                  "FULL_CONTROL"
                ],
                "type": "CanonicalUser",
                "uri": ""
              }
            ],
            "hosted_zone_id": "Z21DNDUVLTQW6Q",
            "id": "social-medias-dev-datalake-263112802384",
            "lifecycle_rule": [],
            "logging": [],
            "object_lock_configuration": [],
            "object_lock_enabled": false,
            "policy": "",
            "region": "eu-central-1",
            "replication_configuration": [],
            "request_payer": "BucketOwner",
            "server_side_encryption_configuration": [
              {
                "rule": [
                  {
                    "apply_server_side_encryption_by_default": [
                      {
                        "kms_master_key_id": "",
                        "sse_algorithm": "AES256"
                      }
                    ],
                    "bucket_key_enabled": false
                  }
                ]
              }
            ],
            "tags": {
              "Name": "social-medias-dev-datalake"
            },
            "tags_all": {
              "Environment": "dev",
              "ManagedBy": "terraform",
              "Name": "social-medias-dev-datalake",
              "Project": "social-medias"
            },
            "timeouts": null,
            "versioning": [
              {
                "enabled": true,
                "mfa_delete": false
              }
            ],
            "website": [],
            "website_domain": null,
            "website_endpoint": null
          },
          "sensitive_attributes": [],
          "identity_schema_version": 0,
          "private": "eyJlMmJmYjczMC1lY2FhLTExZTYtOGY4OC0zNDM2M2JjN2M0YzAiOnsiY3JlYXRlIjoxMjAwMDAwMDAwMDAwLCJkZWxldGUiOjM2MDAwMDAwMDAwMDAsInJlYWQiOjEyMDAwMDAwMDAwMDAsInVwZGF0ZSI6MTIwMDAwMDAwMDAwMH0sInNjaGVtYV92ZXJzaW9uIjoiMCJ9",
          "dependencies": [
            "data.aws_caller_identity.current"
          ]
        }
      ]
    },
    {
      "mode": "managed",
      "type": "aws_s3_bucket_public_access_block",
      "name": "data_lake",
      "provider": "provider[\"registry.terraform.io/hashicorp/aws\"]",
      "instances": [
        {
          "schema_version": 0,
          "attributes": {
            "block_public_acls": true,
            "block_public_policy": true,
            "bucket": "social-medias-dev-datalake-263112802384",
            "id": "social-medias-dev-datalake-263112802384",
            "ignore_public_acls": true,
            "restrict_public_buckets": true
          },
          "sensitive_attributes": [],
          "identity_schema_version": 0,
          "private": "bnVsbA==",
          "dependencies": [
            "aws_s3_bucket.data_lake",
            "data.aws_caller_identity.current"
          ]
        }
      ]
    },
    {
      "mode": "managed",
      "type": "aws_s3_bucket_server_side_encryption_configuration",
      "name": "data_lake",
      "provider": "provider[\"registry.terraform.io/hashicorp/aws\"]",
      "instances": [
        {
          "schema_version": 0,
          "attributes": {
            "bucket": "social-medias-dev-datalake-263112802384",
            "expected_bucket_owner": "",
            "id": "social-medias-dev-datalake-263112802384",
            "rule": [
              {
                "apply_server_side_encryption_by_default": [
                  {
                    "kms_master_key_id": "",
                    "sse_algorithm": "AES256"
                  }
                ],
                "bucket_key_enabled": false
              }
            ]
          },
          "sensitive_attributes": [],
          "identity_schema_version": 0,
          "private": "bnVsbA==",
          "dependencies": [
            "aws_s3_bucket.data_lake",
            "data.aws_caller_identity.current"
          ]
        }
      ]
    },
    {
      "mode": "managed",
      "type": "aws_s3_bucket_versioning",
      "name": "data_lake",
      "provider": "provider[\"registry.terraform.io/hashicorp/aws\"]",
      "instances": [
        {
          "schema_version": 0,
          "attributes": {
            "bucket": "social-medias-dev-datalake-263112802384",
            "expected_bucket_owner": "",
            "id": "social-medias-dev-datalake-263112802384",
            "mfa": null,
            "versioning_configuration": [
              {
                "mfa_delete": "",
                "status": "Enabled"
              }
            ]
          },
          "sensitive_attributes": [],
          "identity_schema_version": 0,
          "private": "bnVsbA==",
          "dependencies": [
            "aws_s3_bucket.data_lake",
            "data.aws_caller_identity.current"
          ]
        }
      ]
    },
    {
      "mode": "managed",
      "type": "aws_security_group",
      "name": "analytics_ec2",
      "provider": "provider[\"registry.terraform.io/hashicorp/aws\"]",
      "instances": [
        {
          "schema_version": 1,
          "attributes": {
            "arn": "arn:aws:ec2:eu-central-1:263112802384:security-group/sg-0410c30cf6dfb7b1c",
            "description": "PostgreSQL + Superset on analytics EC2",
            "egress": [
              {
                "cidr_blocks": [
                  "0.0.0.0/0"
                ],
                "description": "Docker image pulls and updates",
                "from_port": 443,
                "ipv6_cidr_blocks": [],
                "prefix_list_ids": [],
                "protocol": "tcp",
                "security_groups": [],
                "self": false,
                "to_port": 443
              },
              {
                "cidr_blocks": [
                  "0.0.0.0/0"
                ],
                "description": "HTTP for package mirrors",
                "from_port": 80,
                "ipv6_cidr_blocks": [],
                "prefix_list_ids": [],
                "protocol": "tcp",
                "security_groups": [],
                "self": false,
                "to_port": 80
              }
            ],
            "id": "sg-0410c30cf6dfb7b1c",
            "ingress": [
              {
                "cidr_blocks": [
                  "0.0.0.0/0"
                ],
                "description": "Superset UI",
                "from_port": 8088,
                "ipv6_cidr_blocks": [],
                "prefix_list_ids": [],
                "protocol": "tcp",
                "security_groups": [],
                "self": false,
                "to_port": 8088
              }
            ],
            "name": "social-medias-dev-analytics-ec2-sg",
            "name_prefix": "",
            "owner_id": "263112802384",
            "revoke_rules_on_delete": false,
            "tags": {
              "Name": "social-medias-dev-analytics-ec2-sg"
            },
            "tags_all": {
              "Environment": "dev",
              "ManagedBy": "terraform",
              "Name": "social-medias-dev-analytics-ec2-sg",
              "Project": "social-medias"
            },
            "timeouts": null,
            "vpc_id": "vpc-006d5fb675f4de0ce"
          },
          "sensitive_attributes": [],
          "identity_schema_version": 0,
          "private": "eyJlMmJmYjczMC1lY2FhLTExZTYtOGY4OC0zNDM2M2JjN2M0YzAiOnsiY3JlYXRlIjo2MDAwMDAwMDAwMDAsImRlbGV0ZSI6OTAwMDAwMDAwMDAwfSwic2NoZW1hX3ZlcnNpb24iOiIxIn0=",
          "dependencies": [
            "aws_vpc.main"
          ]
        }
      ]
    },
    {
      "mode": "managed",
      "type": "aws_security_group",
      "name": "gold_load_lambda",
      "provider": "provider[\"registry.terraform.io/hashicorp/aws\"]",
      "instances": [
        {
          "schema_version": 1,
          "attributes": {
            "arn": "arn:aws:ec2:eu-central-1:263112802384:security-group/sg-01f15109ec6cf8346",
            "description": "Gold-to-Postgres load Lambda",
            "egress": [
              {
                "cidr_blocks": [
                  "0.0.0.0/0"
                ],
                "description": "HTTPS for CloudWatch and AWS APIs",
                "from_port": 443,
                "ipv6_cidr_blocks": [],
                "prefix_list_ids": [],
                "protocol": "tcp",
                "security_groups": [],
                "self": false,
                "to_port": 443
              }
            ],
            "id": "sg-01f15109ec6cf8346",
            "ingress": [],
            "name": "social-medias-dev-gold-load-lambda-sg",
            "name_prefix": "",
            "owner_id": "263112802384",
            "revoke_rules_on_delete": false,
            "tags": {
              "Name": "social-medias-dev-gold-load-lambda-sg"
            },
            "tags_all": {
              "Environment": "dev",
              "ManagedBy": "terraform",
              "Name": "social-medias-dev-gold-load-lambda-sg",
              "Project": "social-medias"
            },
            "timeouts": null,
            "vpc_id": "vpc-006d5fb675f4de0ce"
          },
          "sensitive_attributes": [],
          "identity_schema_version": 0,
          "private": "eyJlMmJmYjczMC1lY2FhLTExZTYtOGY4OC0zNDM2M2JjN2M0YzAiOnsiY3JlYXRlIjo2MDAwMDAwMDAwMDAsImRlbGV0ZSI6OTAwMDAwMDAwMDAwfSwic2NoZW1hX3ZlcnNpb24iOiIxIn0=",
          "dependencies": [
            "aws_vpc.main"
          ]
        }
      ]
    },
    {
      "mode": "managed",
      "type": "aws_security_group",
      "name": "lambda_hn",
      "provider": "provider[\"registry.terraform.io/hashicorp/aws\"]",
      "instances": [
        {
          "schema_version": 1,
          "attributes": {
            "arn": "arn:aws:ec2:eu-central-1:263112802384:security-group/sg-06c91e4f24f70fafe",
            "description": "HN bronze Lambda - HTTPS egress to Algolia API",
            "egress": [
              {
                "cidr_blocks": [
                  "0.0.0.0/0"
                ],
                "description": "HTTPS to Hacker News Algolia API",
                "from_port": 443,
                "ipv6_cidr_blocks": [],
                "prefix_list_ids": [],
                "protocol": "tcp",
                "security_groups": [],
                "self": false,
                "to_port": 443
              }
            ],
            "id": "sg-06c91e4f24f70fafe",
            "ingress": [],
            "name": "social-medias-dev-hn-lambda-sg",
            "name_prefix": "",
            "owner_id": "263112802384",
            "revoke_rules_on_delete": false,
            "tags": {
              "Name": "social-medias-dev-hn-lambda-sg"
            },
            "tags_all": {
              "Environment": "dev",
              "ManagedBy": "terraform",
              "Name": "social-medias-dev-hn-lambda-sg",
              "Project": "social-medias"
            },
            "timeouts": null,
            "vpc_id": "vpc-006d5fb675f4de0ce"
          },
          "sensitive_attributes": [],
          "identity_schema_version": 0,
          "private": "eyJlMmJmYjczMC1lY2FhLTExZTYtOGY4OC0zNDM2M2JjN2M0YzAiOnsiY3JlYXRlIjo2MDAwMDAwMDAwMDAsImRlbGV0ZSI6OTAwMDAwMDAwMDAwfSwic2NoZW1hX3ZlcnNpb24iOiIxIn0=",
          "dependencies": [
            "aws_vpc.main"
          ]
        }
      ]
    },
    {
      "mode": "managed",
      "type": "aws_sns_topic",
      "name": "pipeline_alerts",
      "provider": "provider[\"registry.terraform.io/hashicorp/aws\"]",
      "instances": [
        {
          "index_key": 0,
          "schema_version": 0,
          "attributes": {
            "application_failure_feedback_role_arn": "",
            "application_success_feedback_role_arn": "",
            "application_success_feedback_sample_rate": 0,
            "archive_policy": "",
            "arn": "arn:aws:sns:eu-central-1:263112802384:social-medias-dev-pipeline-alerts",
            "beginning_archive_time": "",
            "content_based_deduplication": false,
            "delivery_policy": "",
            "display_name": "",
            "fifo_throughput_scope": "",
            "fifo_topic": false,
            "firehose_failure_feedback_role_arn": "",
            "firehose_success_feedback_role_arn": "",
            "firehose_success_feedback_sample_rate": 0,
            "http_failure_feedback_role_arn": "",
            "http_success_feedback_role_arn": "",
            "http_success_feedback_sample_rate": 0,
            "id": "arn:aws:sns:eu-central-1:263112802384:social-medias-dev-pipeline-alerts",
            "kms_master_key_id": "",
            "lambda_failure_feedback_role_arn": "",
            "lambda_success_feedback_role_arn": "",
            "lambda_success_feedback_sample_rate": 0,
            "name": "social-medias-dev-pipeline-alerts",
            "name_prefix": "",
            "owner": "263112802384",
            "policy": "{\"Id\":\"__default_policy_ID\",\"Statement\":[{\"Action\":[\"SNS:GetTopicAttributes\",\"SNS:SetTopicAttributes\",\"SNS:AddPermission\",\"SNS:RemovePermission\",\"SNS:DeleteTopic\",\"SNS:Subscribe\",\"SNS:ListSubscriptionsByTopic\",\"SNS:Publish\"],\"Condition\":{\"StringEquals\":{\"AWS:SourceOwner\":\"263112802384\"}},\"Effect\":\"Allow\",\"Principal\":{\"AWS\":\"*\"},\"Resource\":\"arn:aws:sns:eu-central-1:263112802384:social-medias-dev-pipeline-alerts\",\"Sid\":\"__default_statement_ID\"}],\"Version\":\"2008-10-17\"}",
            "signature_version": 0,
            "sqs_failure_feedback_role_arn": "",
            "sqs_success_feedback_role_arn": "",
            "sqs_success_feedback_sample_rate": 0,
            "tags": {},
            "tags_all": {
              "Environment": "dev",
              "ManagedBy": "terraform",
              "Project": "social-medias"
            },
            "tracing_config": ""
          },
          "sensitive_attributes": [],
          "identity_schema_version": 0,
          "private": "bnVsbA=="
        }
      ]
    },
    {
      "mode": "managed",
      "type": "aws_sns_topic_subscription",
      "name": "discord_notify",
      "provider": "provider[\"registry.terraform.io/hashicorp/aws\"]",
      "instances": [
        {
          "index_key": 0,
          "schema_version": 0,
          "attributes": {
            "arn": "arn:aws:sns:eu-central-1:263112802384:social-medias-dev-pipeline-alerts:d3f57845-fed3-46fc-8dc1-b5b87e6ad47d",
            "confirmation_timeout_in_minutes": 1,
            "confirmation_was_authenticated": true,
            "delivery_policy": "",
            "endpoint": "arn:aws:lambda:eu-central-1:263112802384:function:social-medias-dev-discord-notify",
            "endpoint_auto_confirms": false,
            "filter_policy": "",
            "filter_policy_scope": "",
            "id": "arn:aws:sns:eu-central-1:263112802384:social-medias-dev-pipeline-alerts:d3f57845-fed3-46fc-8dc1-b5b87e6ad47d",
            "owner_id": "263112802384",
            "pending_confirmation": false,
            "protocol": "lambda",
            "raw_message_delivery": false,
            "redrive_policy": "",
            "replay_policy": "",
            "subscription_role_arn": "",
            "topic_arn": "arn:aws:sns:eu-central-1:263112802384:social-medias-dev-pipeline-alerts"
          },
          "sensitive_attributes": [],
          "identity_schema_version": 0,
          "private": "bnVsbA==",
          "dependencies": [
            "aws_cloudwatch_log_group.discord_notify_lambda",
            "aws_iam_role.discord_notify_lambda",
            "aws_iam_role_policy.discord_notify_lambda",
            "aws_lambda_function.discord_notify",
            "aws_sns_topic.pipeline_alerts",
            "data.archive_file.discord_notify_lambda",
            "data.aws_caller_identity.current"
          ]
        }
      ]
    },
    {
      "mode": "managed",
      "type": "aws_subnet",
      "name": "private",
      "provider": "provider[\"registry.terraform.io/hashicorp/aws\"]",
      "instances": [
        {
          "index_key": 0,
          "schema_version": 1,
          "attributes": {
            "arn": "arn:aws:ec2:eu-central-1:263112802384:subnet/subnet-036870397c3848ee1",
            "assign_ipv6_address_on_creation": false,
            "availability_zone": "eu-central-1a",
            "availability_zone_id": "euc1-az2",
            "cidr_block": "10.0.10.0/24",
            "customer_owned_ipv4_pool": "",
            "enable_dns64": false,
            "enable_lni_at_device_index": 0,
            "enable_resource_name_dns_a_record_on_launch": false,
            "enable_resource_name_dns_aaaa_record_on_launch": false,
            "id": "subnet-036870397c3848ee1",
            "ipv6_cidr_block": "",
            "ipv6_cidr_block_association_id": "",
            "ipv6_native": false,
            "map_customer_owned_ip_on_launch": false,
            "map_public_ip_on_launch": false,
            "outpost_arn": "",
            "owner_id": "263112802384",
            "private_dns_hostname_type_on_launch": "ip-name",
            "tags": {
              "Name": "social-medias-dev-private-1",
              "Tier": "private"
            },
            "tags_all": {
              "Environment": "dev",
              "ManagedBy": "terraform",
              "Name": "social-medias-dev-private-1",
              "Project": "social-medias",
              "Tier": "private"
            },
            "timeouts": null,
            "vpc_id": "vpc-006d5fb675f4de0ce"
          },
          "sensitive_attributes": [],
          "identity_schema_version": 0,
          "private": "eyJlMmJmYjczMC1lY2FhLTExZTYtOGY4OC0zNDM2M2JjN2M0YzAiOnsiY3JlYXRlIjo2MDAwMDAwMDAwMDAsImRlbGV0ZSI6MTIwMDAwMDAwMDAwMH0sInNjaGVtYV92ZXJzaW9uIjoiMSJ9",
          "dependencies": [
            "aws_vpc.main",
            "data.aws_availability_zones.available"
          ]
        },
        {
          "index_key": 1,
          "schema_version": 1,
          "attributes": {
            "arn": "arn:aws:ec2:eu-central-1:263112802384:subnet/subnet-042097ef0089ca4b9",
            "assign_ipv6_address_on_creation": false,
            "availability_zone": "eu-central-1b",
            "availability_zone_id": "euc1-az3",
            "cidr_block": "10.0.11.0/24",
            "customer_owned_ipv4_pool": "",
            "enable_dns64": false,
            "enable_lni_at_device_index": 0,
            "enable_resource_name_dns_a_record_on_launch": false,
            "enable_resource_name_dns_aaaa_record_on_launch": false,
            "id": "subnet-042097ef0089ca4b9",
            "ipv6_cidr_block": "",
            "ipv6_cidr_block_association_id": "",
            "ipv6_native": false,
            "map_customer_owned_ip_on_launch": false,
            "map_public_ip_on_launch": false,
            "outpost_arn": "",
            "owner_id": "263112802384",
            "private_dns_hostname_type_on_launch": "ip-name",
            "tags": {
              "Name": "social-medias-dev-private-2",
              "Tier": "private"
            },
            "tags_all": {
              "Environment": "dev",
              "ManagedBy": "terraform",
              "Name": "social-medias-dev-private-2",
              "Project": "social-medias",
              "Tier": "private"
            },
            "timeouts": null,
            "vpc_id": "vpc-006d5fb675f4de0ce"
          },
          "sensitive_attributes": [],
          "identity_schema_version": 0,
          "private": "eyJlMmJmYjczMC1lY2FhLTExZTYtOGY4OC0zNDM2M2JjN2M0YzAiOnsiY3JlYXRlIjo2MDAwMDAwMDAwMDAsImRlbGV0ZSI6MTIwMDAwMDAwMDAwMH0sInNjaGVtYV92ZXJzaW9uIjoiMSJ9",
          "dependencies": [
            "aws_vpc.main",
            "data.aws_availability_zones.available"
          ]
        }
      ]
    },
    {
      "mode": "managed",
      "type": "aws_subnet",
      "name": "public",
      "provider": "provider[\"registry.terraform.io/hashicorp/aws\"]",
      "instances": [
        {
          "index_key": 0,
          "schema_version": 1,
          "attributes": {
            "arn": "arn:aws:ec2:eu-central-1:263112802384:subnet/subnet-0a545fd5b38efeec5",
            "assign_ipv6_address_on_creation": false,
            "availability_zone": "eu-central-1a",
            "availability_zone_id": "euc1-az2",
            "cidr_block": "10.0.0.0/24",
            "customer_owned_ipv4_pool": "",
            "enable_dns64": false,
            "enable_lni_at_device_index": 0,
            "enable_resource_name_dns_a_record_on_launch": false,
            "enable_resource_name_dns_aaaa_record_on_launch": false,
            "id": "subnet-0a545fd5b38efeec5",
            "ipv6_cidr_block": "",
            "ipv6_cidr_block_association_id": "",
            "ipv6_native": false,
            "map_customer_owned_ip_on_launch": false,
            "map_public_ip_on_launch": true,
            "outpost_arn": "",
            "owner_id": "263112802384",
            "private_dns_hostname_type_on_launch": "ip-name",
            "tags": {
              "Name": "social-medias-dev-public-1",
              "Tier": "public"
            },
            "tags_all": {
              "Environment": "dev",
              "ManagedBy": "terraform",
              "Name": "social-medias-dev-public-1",
              "Project": "social-medias",
              "Tier": "public"
            },
            "timeouts": null,
            "vpc_id": "vpc-006d5fb675f4de0ce"
          },
          "sensitive_attributes": [],
          "identity_schema_version": 0,
          "private": "eyJlMmJmYjczMC1lY2FhLTExZTYtOGY4OC0zNDM2M2JjN2M0YzAiOnsiY3JlYXRlIjo2MDAwMDAwMDAwMDAsImRlbGV0ZSI6MTIwMDAwMDAwMDAwMH0sInNjaGVtYV92ZXJzaW9uIjoiMSJ9",
          "dependencies": [
            "aws_vpc.main",
            "data.aws_availability_zones.available"
          ]
        },
        {
          "index_key": 1,
          "schema_version": 1,
          "attributes": {
            "arn": "arn:aws:ec2:eu-central-1:263112802384:subnet/subnet-0d33ea0a786f5aa14",
            "assign_ipv6_address_on_creation": false,
            "availability_zone": "eu-central-1b",
            "availability_zone_id": "euc1-az3",
            "cidr_block": "10.0.1.0/24",
            "customer_owned_ipv4_pool": "",
            "enable_dns64": false,
            "enable_lni_at_device_index": 0,
            "enable_resource_name_dns_a_record_on_launch": false,
            "enable_resource_name_dns_aaaa_record_on_launch": false,
            "id": "subnet-0d33ea0a786f5aa14",
            "ipv6_cidr_block": "",
            "ipv6_cidr_block_association_id": "",
            "ipv6_native": false,
            "map_customer_owned_ip_on_launch": false,
            "map_public_ip_on_launch": true,
            "outpost_arn": "",
            "owner_id": "263112802384",
            "private_dns_hostname_type_on_launch": "ip-name",
            "tags": {
              "Name": "social-medias-dev-public-2",
              "Tier": "public"
            },
            "tags_all": {
              "Environment": "dev",
              "ManagedBy": "terraform",
              "Name": "social-medias-dev-public-2",
              "Project": "social-medias",
              "Tier": "public"
            },
            "timeouts": null,
            "vpc_id": "vpc-006d5fb675f4de0ce"
          },
          "sensitive_attributes": [],
          "identity_schema_version": 0,
          "private": "eyJlMmJmYjczMC1lY2FhLTExZTYtOGY4OC0zNDM2M2JjN2M0YzAiOnsiY3JlYXRlIjo2MDAwMDAwMDAwMDAsImRlbGV0ZSI6MTIwMDAwMDAwMDAwMH0sInNjaGVtYV92ZXJzaW9uIjoiMSJ9",
          "dependencies": [
            "aws_vpc.main",
            "data.aws_availability_zones.available"
          ]
        }
      ]
    },
    {
      "mode": "managed",
      "type": "aws_vpc",
      "name": "main",
      "provider": "provider[\"registry.terraform.io/hashicorp/aws\"]",
      "instances": [
        {
          "schema_version": 1,
          "attributes": {
            "arn": "arn:aws:ec2:eu-central-1:263112802384:vpc/vpc-006d5fb675f4de0ce",
            "assign_generated_ipv6_cidr_block": false,
            "cidr_block": "10.0.0.0/16",
            "default_network_acl_id": "acl-003c8f72a533c304a",
            "default_route_table_id": "rtb-097fc930fc5fd75b8",
            "default_security_group_id": "sg-0055211340db9fcd4",
            "dhcp_options_id": "dopt-0936e577e915b4b33",
            "enable_dns_hostnames": true,
            "enable_dns_support": true,
            "enable_network_address_usage_metrics": false,
            "id": "vpc-006d5fb675f4de0ce",
            "instance_tenancy": "default",
            "ipv4_ipam_pool_id": null,
            "ipv4_netmask_length": null,
            "ipv6_association_id": "",
            "ipv6_cidr_block": "",
            "ipv6_cidr_block_network_border_group": "",
            "ipv6_ipam_pool_id": "",
            "ipv6_netmask_length": 0,
            "main_route_table_id": "rtb-097fc930fc5fd75b8",
            "owner_id": "263112802384",
            "tags": {
              "Name": "social-medias-dev-vpc"
            },
            "tags_all": {
              "Environment": "dev",
              "ManagedBy": "terraform",
              "Name": "social-medias-dev-vpc",
              "Project": "social-medias"
            }
          },
          "sensitive_attributes": [],
          "identity_schema_version": 0,
          "private": "eyJzY2hlbWFfdmVyc2lvbiI6IjEifQ=="
        }
      ]
    },
    {
      "mode": "managed",
      "type": "aws_vpc_endpoint",
      "name": "s3",
      "provider": "provider[\"registry.terraform.io/hashicorp/aws\"]",
      "instances": [
        {
          "schema_version": 0,
          "attributes": {
            "arn": "arn:aws:ec2:eu-central-1:263112802384:vpc-endpoint/vpce-0c230b84db7197b54",
            "auto_accept": null,
            "cidr_blocks": [
              "52.219.44.0/22",
              "52.219.208.0/22",
              "3.5.136.0/22",
              "3.5.120.0/22",
              "52.219.218.0/24",
              "52.219.140.0/24",
              "16.12.32.0/22",
              "52.219.72.0/22",
              "16.15.20.0/22",
              "3.5.134.0/23",
              "16.12.24.0/21",
              "52.219.168.0/22"
            ],
            "dns_entry": [],
            "dns_options": [
              {
                "dns_record_ip_type": "service-defined",
                "private_dns_only_for_inbound_resolver_endpoint": false
              }
            ],
            "id": "vpce-0c230b84db7197b54",
            "ip_address_type": "ipv4",
            "network_interface_ids": [],
            "owner_id": "263112802384",
            "policy": "{\"Statement\":[{\"Action\":\"*\",\"Effect\":\"Allow\",\"Principal\":\"*\",\"Resource\":\"*\"}],\"Version\":\"2008-10-17\"}",
            "prefix_list_id": "pl-6ea54007",
            "private_dns_enabled": false,
            "requester_managed": false,
            "resource_configuration_arn": "",
            "route_table_ids": [
              "rtb-06124204f29134d6c",
              "rtb-08ae75c622741a1d3"
            ],
            "security_group_ids": [],
            "service_name": "com.amazonaws.eu-central-1.s3",
            "service_network_arn": "",
            "service_region": "eu-central-1",
            "state": "available",
            "subnet_configuration": [],
            "subnet_ids": [],
            "tags": {
              "Name": "social-medias-dev-s3-endpoint"
            },
            "tags_all": {
              "Environment": "dev",
              "ManagedBy": "terraform",
              "Name": "social-medias-dev-s3-endpoint",
              "Project": "social-medias"
            },
            "timeouts": null,
            "vpc_endpoint_type": "Gateway",
            "vpc_id": "vpc-006d5fb675f4de0ce"
          },
          "sensitive_attributes": [],
          "identity_schema_version": 0,
          "private": "eyJlMmJmYjczMC1lY2FhLTExZTYtOGY4OC0zNDM2M2JjN2M0YzAiOnsiY3JlYXRlIjo2MDAwMDAwMDAwMDAsImRlbGV0ZSI6NjAwMDAwMDAwMDAwLCJ1cGRhdGUiOjYwMDAwMDAwMDAwMH19",
          "dependencies": [
            "aws_eip.nat",
            "aws_internet_gateway.main",
            "aws_nat_gateway.main",
            "aws_route_table.private",
            "aws_route_table.public",
            "aws_subnet.public",
            "aws_vpc.main",
            "data.aws_availability_zones.available"
          ]
        }
      ]
    },
    {
      "mode": "managed",
      "type": "aws_vpc_security_group_egress_rule",
      "name": "gold_load_postgres_to_analytics",
      "provider": "provider[\"registry.terraform.io/hashicorp/aws\"]",
      "instances": [
        {
          "schema_version": 0,
          "attributes": {
            "arn": "arn:aws:ec2:eu-central-1:263112802384:security-group-rule/sgr-002f2e0998ce81397",
            "cidr_ipv4": null,
            "cidr_ipv6": null,
            "description": "PostgreSQL to analytics EC2",
            "from_port": 5432,
            "id": "sgr-002f2e0998ce81397",
            "ip_protocol": "tcp",
            "prefix_list_id": null,
            "referenced_security_group_id": "sg-0410c30cf6dfb7b1c",
            "security_group_id": "sg-01f15109ec6cf8346",
            "security_group_rule_id": "sgr-002f2e0998ce81397",
            "tags": null,
            "tags_all": {
              "Environment": "dev",
              "ManagedBy": "terraform",
              "Project": "social-medias"
            },
            "to_port": 5432
          },
          "sensitive_attributes": [],
          "identity_schema_version": 0,
          "dependencies": [
            "aws_security_group.analytics_ec2",
            "aws_security_group.gold_load_lambda",
            "aws_vpc.main"
          ]
        }
      ]
    },
    {
      "mode": "managed",
      "type": "aws_vpc_security_group_ingress_rule",
      "name": "analytics_postgres_from_lambda",
      "provider": "provider[\"registry.terraform.io/hashicorp/aws\"]",
      "instances": [
        {
          "schema_version": 0,
          "attributes": {
            "arn": "arn:aws:ec2:eu-central-1:263112802384:security-group-rule/sgr-0afae94601e0adfef",
            "cidr_ipv4": null,
            "cidr_ipv6": null,
            "description": "PostgreSQL from gold load Lambda",
            "from_port": 5432,
            "id": "sgr-0afae94601e0adfef",
            "ip_protocol": "tcp",
            "prefix_list_id": null,
            "referenced_security_group_id": "sg-01f15109ec6cf8346",
            "security_group_id": "sg-0410c30cf6dfb7b1c",
            "security_group_rule_id": "sgr-0afae94601e0adfef",
            "tags": null,
            "tags_all": {
              "Environment": "dev",
              "ManagedBy": "terraform",
              "Project": "social-medias"
            },
            "to_port": 5432
          },
          "sensitive_attributes": [],
          "identity_schema_version": 0,
          "dependencies": [
            "aws_security_group.analytics_ec2",
            "aws_security_group.gold_load_lambda",
            "aws_vpc.main"
          ]
        }
      ]
    },
    {
      "mode": "managed",
      "type": "aws_vpc_security_group_ingress_rule",
      "name": "analytics_postgres_from_vpc",
      "provider": "provider[\"registry.terraform.io/hashicorp/aws\"]",
      "instances": [
        {
          "schema_version": 0,
          "attributes": {
            "arn": "arn:aws:ec2:eu-central-1:263112802384:security-group-rule/sgr-06616d41376d2f134",
            "cidr_ipv4": "10.0.0.0/16",
            "cidr_ipv6": null,
            "description": "PostgreSQL from VPC (Lambda in private subnets)",
            "from_port": 5432,
            "id": "sgr-06616d41376d2f134",
            "ip_protocol": "tcp",
            "prefix_list_id": null,
            "referenced_security_group_id": null,
            "security_group_id": "sg-0410c30cf6dfb7b1c",
            "security_group_rule_id": "sgr-06616d41376d2f134",
            "tags": null,
            "tags_all": {
              "Environment": "dev",
              "ManagedBy": "terraform",
              "Project": "social-medias"
            },
            "to_port": 5432
          },
          "sensitive_attributes": [],
          "identity_schema_version": 0,
          "dependencies": [
            "aws_security_group.analytics_ec2",
            "aws_vpc.main"
          ]
        }
      ]
    },
    {
      "mode": "managed",
      "type": "random_password",
      "name": "postgres",
      "provider": "provider[\"registry.terraform.io/hashicorp/random\"]",
      "instances": [
        {
          "schema_version": 3,
          "attributes": {
            "bcrypt_hash": "$2a$10$JEdQvDOSS3fQA.H9/yH6SejlpyIXSBWJuTFBPaBFj01UJtMs89TTC",
            "id": "none",
            "keepers": null,
            "length": 24,
            "lower": true,
            "min_lower": 0,
            "min_numeric": 0,
            "min_special": 0,
            "min_upper": 0,
            "number": true,
            "numeric": true,
            "override_special": null,
            "result": "JRdXj09ecc8Tct6bs8Uk6rma",
            "special": false,
            "upper": true
          },
          "sensitive_attributes": [
            [
              {
                "type": "get_attr",
                "value": "bcrypt_hash"
              }
            ],
            [
              {
                "type": "get_attr",
                "value": "result"
              }
            ]
          ],
          "identity_schema_version": 0
        }
      ]
    },
    {
      "mode": "managed",
      "type": "random_password",
      "name": "superset_secret",
      "provider": "provider[\"registry.terraform.io/hashicorp/random\"]",
      "instances": [
        {
          "schema_version": 3,
          "attributes": {
            "bcrypt_hash": "$2a$10$EJIA6vWNi58fnuESe0iCvOQzuNS0U./hYeQhNzJukzjO8rxsyiWFa",
            "id": "none",
            "keepers": null,
            "length": 48,
            "lower": true,
            "min_lower": 0,
            "min_numeric": 0,
            "min_special": 0,
            "min_upper": 0,
            "number": true,
            "numeric": true,
            "override_special": null,
            "result": "3j*M?@zv84\u003c9VPoGR_A-CCiSWDpm\u003cmUhEt5*9cejDvNisEcF",
            "special": true,
            "upper": true
          },
          "sensitive_attributes": [
            [
              {
                "type": "get_attr",
                "value": "bcrypt_hash"
              }
            ],
            [
              {
                "type": "get_attr",
                "value": "result"
              }
            ]
          ],
          "identity_schema_version": 0
        }
      ]
    }
  ],
  "check_results": null
}
